// !$*UTF8*$!
{
	archiveVersion = 1;
	classes = {
	};
	objectVersion = 46;
	objects = {

/* Begin PBXBuildFile section */
		5D37962219B0261C00C8A318 /* Foundation.framework in Frameworks */ = {isa = PBXBuildFile; fileRef = 5D37962119B0261C00C8A318 /* Foundation.framework */; };
		5D37962419B0261C00C8A318 /* CoreGraphics.framework in Frameworks */ = {isa = PBXBuildFile; fileRef = 5D37962319B0261C00C8A318 /* CoreGraphics.framework */; };
		5D37962619B0261C00C8A318 /* UIKit.framework in Frameworks */ = {isa = PBXBuildFile; fileRef = 5D37962519B0261C00C8A318 /* UIKit.framework */; };
		5D37962C19B0261D00C8A318 /* InfoPlist.strings in Resources */ = {isa = PBXBuildFile; fileRef = 5D37962A19B0261C00C8A318 /* InfoPlist.strings */; };
		5D37962E19B0261D00C8A318 /* main.m in Sources */ = {isa = PBXBuildFile; fileRef = 5D37962D19B0261D00C8A318 /* main.m */; };
		5D37963219B0261D00C8A318 /* firstClassAppDelegate.m in Sources */ = {isa = PBXBuildFile; fileRef = 5D37963119B0261D00C8A318 /* firstClassAppDelegate.m */; };
		5D37963519B0261D00C8A318 /* Main.storyboard in Resources */ = {isa = PBXBuildFile; fileRef = 5D37963319B0261D00C8A318 /* Main.storyboard */; };
		5D37963819B0261D00C8A318 /* firstClassViewController.m in Sources */ = {isa = PBXBuildFile; fileRef = 5D37963719B0261D00C8A318 /* firstClassViewController.m */; };
		5D37963A19B0261D00C8A318 /* Images.xcassets in Resources */ = {isa = PBXBuildFile; fileRef = 5D37963919B0261D00C8A318 /* Images.xcassets */; };
		5D37964119B0261D00C8A318 /* XCTest.framework in Frameworks */ = {isa = PBXBuildFile; fileRef = 5D37964019B0261D00C8A318 /* XCTest.framework */; };
		5D37964219B0261D00C8A318 /* Foundation.framework in Frameworks */ = {isa = PBXBuildFile; fileRef = 5D37962119B0261C00C8A318 /* Foundation.framework */; };
		5D37964319B0261D00C8A318 /* UIKit.framework in Frameworks */ = {isa = PBXBuildFile; fileRef = 5D37962519B0261C00C8A318 /* UIKit.framework */; };
		5D37964B19B0261D00C8A318 /* InfoPlist.strings in Resources */ = {isa = PBXBuildFile; fileRef = 5D37964919B0261D00C8A318 /* InfoPlist.strings */; };
		5D37964D19B0261D00C8A318 /* counterPickLoLTests.m in Sources */ = {isa = PBXBuildFile; fileRef = 5D37964C19B0261D00C8A318 /* counterPickLoLTests.m */; };
/* End PBXBuildFile section */

/* Begin PBXContainerItemProxy section */
		5D37964419B0261D00C8A318 /* PBXContainerItemProxy */ = {
			isa = PBXContainerItemProxy;
			containerPortal = 5D37961619B0261C00C8A318 /* Project object */;
			proxyType = 1;
			remoteGlobalIDString = 5D37961D19B0261C00C8A318;
			remoteInfo = counterPickLoL;
		};
/* End PBXContainerItemProxy section */

/* Begin PBXFileReference section */
		5D37961E19B0261C00C8A318 /* counterPickLoL.app */ = {isa = PBXFileReference; explicitFileType = wrapper.application; includeInIndex = 0; path = counterPickLoL.app; sourceTree = BUILT_PRODUCTS_DIR; };
		5D37962119B0261C00C8A318 /* Foundation.framework */ = {isa = PBXFileReference; lastKnownFileType = wrapper.framework; name = Foundation.framework; path = System/Library/Frameworks/Foundation.framework; sourceTree = SDKROOT; };
		5D37962319B0261C00C8A318 /* CoreGraphics.framework */ = {isa = PBXFileReference; lastKnownFileType = wrapper.framework; name = CoreGraphics.framework; path = System/Library/Frameworks/CoreGraphics.framework; sourceTree = SDKROOT; };
		5D37962519B0261C00C8A318 /* UIKit.framework */ = {isa = PBXFileReference; lastKnownFileType = wrapper.framework; name = UIKit.framework; path = System/Library/Frameworks/UIKit.framework; sourceTree = SDKROOT; };
		5D37962919B0261C00C8A318 /* counterPickLoL-Info.plist */ = {isa = PBXFileReference; lastKnownFileType = text.plist.xml; path = "counterPickLoL-Info.plist"; sourceTree = "<group>"; };
		5D37962B19B0261C00C8A318 /* en */ = {isa = PBXFileReference; lastKnownFileType = text.plist.strings; name = en; path = en.lproj/InfoPlist.strings; sourceTree = "<group>"; };
		5D37962D19B0261D00C8A318 /* main.m */ = {isa = PBXFileReference; lastKnownFileType = sourcecode.c.objc; path = main.m; sourceTree = "<group>"; };
		5D37962F19B0261D00C8A318 /* counterPickLoL-Prefix.pch */ = {isa = PBXFileReference; lastKnownFileType = sourcecode.c.h; path = "counterPickLoL-Prefix.pch"; sourceTree = "<group>"; };
		5D37963019B0261D00C8A318 /* firstClassAppDelegate.h */ = {isa = PBXFileReference; lastKnownFileType = sourcecode.c.h; path = firstClassAppDelegate.h; sourceTree = "<group>"; };
		5D37963119B0261D00C8A318 /* firstClassAppDelegate.m */ = {isa = PBXFileReference; lastKnownFileType = sourcecode.c.objc; path = firstClassAppDelegate.m; sourceTree = "<group>"; };
		5D37963419B0261D00C8A318 /* Base */ = {isa = PBXFileReference; lastKnownFileType = file.storyboard; name = Base; path = Base.lproj/Main.storyboard; sourceTree = "<group>"; };
		5D37963619B0261D00C8A318 /* firstClassViewController.h */ = {isa = PBXFileReference; lastKnownFileType = sourcecode.c.h; path = firstClassViewController.h; sourceTree = "<group>"; };
		5D37963719B0261D00C8A318 /* firstClassViewController.m */ = {isa = PBXFileReference; lastKnownFileType = sourcecode.c.objc; path = firstClassViewController.m; sourceTree = "<group>"; };
		5D37963919B0261D00C8A318 /* Images.xcassets */ = {isa = PBXFileReference; lastKnownFileType = folder.assetcatalog; path = Images.xcassets; sourceTree = "<group>"; };
		5D37963F19B0261D00C8A318 /* counterPickLoLTests.xctest */ = {isa = PBXFileReference; explicitFileType = wrapper.cfbundle; includeInIndex = 0; path = counterPickLoLTests.xctest; sourceTree = BUILT_PRODUCTS_DIR; };
		5D37964019B0261D00C8A318 /* XCTest.framework */ = {isa = PBXFileReference; lastKnownFileType = wrapper.framework; name = XCTest.framework; path = Library/Frameworks/XCTest.framework; sourceTree = DEVELOPER_DIR; };
		5D37964819B0261D00C8A318 /* counterPickLoLTests-Info.plist */ = {isa = PBXFileReference; lastKnownFileType = text.plist.xml; path = "counterPickLoLTests-Info.plist"; sourceTree = "<group>"; };
		5D37964A19B0261D00C8A318 /* en */ = {isa = PBXFileReference; lastKnownFileType = text.plist.strings; name = en; path = en.lproj/InfoPlist.strings; sourceTree = "<group>"; };
		5D37964C19B0261D00C8A318 /* counterPickLoLTests.m */ = {isa = PBXFileReference; lastKnownFileType = sourcecode.c.objc; path = counterPickLoLTests.m; sourceTree = "<group>"; };
/* End PBXFileReference section */

/* Begin PBXFrameworksBuildPhase section */
		5D37961B19B0261C00C8A318 /* Frameworks */ = {
			isa = PBXFrameworksBuildPhase;
			buildActionMask = 2147483647;
			files = (
				5D37962419B0261C00C8A318 /* CoreGraphics.framework in Frameworks */,
				5D37962619B0261C00C8A318 /* UIKit.framework in Frameworks */,
				5D37962219B0261C00C8A318 /* Foundation.framework in Frameworks */,
			);
			runOnlyForDeploymentPostprocessing = 0;
		};
		5D37963C19B0261D00C8A318 /* Frameworks */ = {
			isa = PBXFrameworksBuildPhase;
			buildActionMask = 2147483647;
			files = (
				5D37964119B0261D00C8A318 /* XCTest.framework in Frameworks */,
				5D37964319B0261D00C8A318 /* UIKit.framework in Frameworks */,
				5D37964219B0261D00C8A318 /* Foundation.framework in Frameworks */,
			);
			runOnlyForDeploymentPostprocessing = 0;
		};
/* End PBXFrameworksBuildPhase section */

/* Begin PBXGroup section */
		5D37961519B0261C00C8A318 = {
			isa = PBXGroup;
			children = (
				5D37962719B0261C00C8A318 /* counterPickLoL */,
				5D37964619B0261D00C8A318 /* counterPickLoLTests */,
				5D37962019B0261C00C8A318 /* Frameworks */,
				5D37961F19B0261C00C8A318 /* Products */,
			);
			sourceTree = "<group>";
		};
		5D37961F19B0261C00C8A318 /* Products */ = {
			isa = PBXGroup;
			children = (
				5D37961E19B0261C00C8A318 /* counterPickLoL.app */,
				5D37963F19B0261D00C8A318 /* counterPickLoLTests.xctest */,
			);
			name = Products;
			sourceTree = "<group>";
		};
		5D37962019B0261C00C8A318 /* Frameworks */ = {
			isa = PBXGroup;
			children = (
				5D37962119B0261C00C8A318 /* Foundation.framework */,
				5D37962319B0261C00C8A318 /* CoreGraphics.framework */,
				5D37962519B0261C00C8A318 /* UIKit.framework */,
				5D37964019B0261D00C8A318 /* XCTest.framework */,
			);
			name = Frameworks;
			sourceTree = "<group>";
		};
		5D37962719B0261C00C8A318 /* counterPickLoL */ = {
			isa = PBXGroup;
			children = (
				5D37963019B0261D00C8A318 /* firstClassAppDelegate.h */,
				5D37963119B0261D00C8A318 /* firstClassAppDelegate.m */,
				5D37963319B0261D00C8A318 /* Main.storyboard */,
				5D37963619B0261D00C8A318 /* firstClassViewController.h */,
				5D37963719B0261D00C8A318 /* firstClassViewController.m */,
				5D37963919B0261D00C8A318 /* Images.xcassets */,
				5D37962819B0261C00C8A318 /* Supporting Files */,
			);
			path = counterPickLoL;
			sourceTree = "<group>";
		};
		5D37962819B0261C00C8A318 /* Supporting Files */ = {
			isa = PBXGroup;
			children = (
				5D37962919B0261C00C8A318 /* counterPickLoL-Info.plist */,
				5D37962A19B0261C00C8A318 /* InfoPlist.strings */,
				5D37962D19B0261D00C8A318 /* main.m */,
				5D37962F19B0261D00C8A318 /* counterPickLoL-Prefix.pch */,
			);
			name = "Supporting Files";
			sourceTree = "<group>";
		};
		5D37964619B0261D00C8A318 /* counterPickLoLTests */ = {
			isa = PBXGroup;
			children = (
				5D37964C19B0261D00C8A318 /* counterPickLoLTests.m */,
				5D37964719B0261D00C8A318 /* Supporting Files */,
			);
			path = counterPickLoLTests;
			sourceTree = "<group>";
		};
		5D37964719B0261D00C8A318 /* Supporting Files */ = {
			isa = PBXGroup;
			children = (
				5D37964819B0261D00C8A318 /* counterPickLoLTests-Info.plist */,
				5D37964919B0261D00C8A318 /* InfoPlist.strings */,
			);
			name = "Supporting Files";
			sourceTree = "<group>";
		};
/* End PBXGroup section */

/* Begin PBXNativeTarget section */
		5D37961D19B0261C00C8A318 /* counterPickLoL */ = {
			isa = PBXNativeTarget;
			buildConfigurationList = 5D37965019B0261D00C8A318 /* Build configuration list for PBXNativeTarget "counterPickLoL" */;
			buildPhases = (
				5D37961A19B0261C00C8A318 /* Sources */,
				5D37961B19B0261C00C8A318 /* Frameworks */,
				5D37961C19B0261C00C8A318 /* Resources */,
			);
			buildRules = (
			);
			dependencies = (
			);
			name = counterPickLoL;
			productName = counterPickLoL;
			productReference = 5D37961E19B0261C00C8A318 /* counterPickLoL.app */;
			productType = "com.apple.product-type.application";
		};
		5D37963E19B0261D00C8A318 /* counterPickLoLTests */ = {
			isa = PBXNativeTarget;
			buildConfigurationList = 5D37965319B0261D00C8A318 /* Build configuration list for PBXNativeTarget "counterPickLoLTests" */;
			buildPhases = (
				5D37963B19B0261D00C8A318 /* Sources */,
				5D37963C19B0261D00C8A318 /* Frameworks */,
				5D37963D19B0261D00C8A318 /* Resources */,
			);
			buildRules = (
			);
			dependencies = (
				5D37964519B0261D00C8A318 /* PBXTargetDependency */,
			);
			name = counterPickLoLTests;
			productName = counterPickLoLTests;
			productReference = 5D37963F19B0261D00C8A318 /* counterPickLoLTests.xctest */;
			productType = "com.apple.product-type.bundle.unit-test";
		};
/* End PBXNativeTarget section */

/* Begin PBXProject section */
		5D37961619B0261C00C8A318 /* Project object */ = {
			isa = PBXProject;
			attributes = {
				CLASSPREFIX = firstClass;
				LastUpgradeCheck = 0510;
				ORGANIZATIONNAME = "christian ambriz";
				TargetAttributes = {
					5D37963E19B0261D00C8A318 = {
						TestTargetID = 5D37961D19B0261C00C8A318;
					};
				};
			};
			buildConfigurationList = 5D37961919B0261C00C8A318 /* Build configuration list for PBXProject "counterPickLoL" */;
			compatibilityVersion = "Xcode 3.2";
			developmentRegion = English;
			hasScannedForEncodings = 0;
			knownRegions = (
				en,
				Base,
			);
			mainGroup = 5D37961519B0261C00C8A318;
			productRefGroup = 5D37961F19B0261C00C8A318 /* Products */;
			projectDirPath = "";
			projectRoot = "";
			targets = (
				5D37961D19B0261C00C8A318 /* counterPickLoL */,
				5D37963E19B0261D00C8A318 /* counterPickLoLTests */,
			);
		};
/* End PBXProject section */

/* Begin PBXResourcesBuildPhase section */
		5D37961C19B0261C00C8A318 /* Resources */ = {
			isa = PBXResourcesBuildPhase;
			buildActionMask = 2147483647;
			files = (
				5D37963A19B0261D00C8A318 /* Images.xcassets in Resources */,
				5D37962C19B0261D00C8A318 /* InfoPlist.strings in Resources */,
				5D37963519B0261D00C8A318 /* Main.storyboard in Resources */,
			);
			runOnlyForDeploymentPostprocessing = 0;
		};
		5D37963D19B0261D00C8A318 /* Resources */ = {
			isa = PBXResourcesBuildPhase;
			buildActionMask = 2147483647;
			files = (
				5D37964B19B0261D00C8A318 /* InfoPlist.strings in Resources */,
			);
			runOnlyForDeploymentPostprocessing = 0;
		};
/* End PBXResourcesBuildPhase section */

/* Begin PBXSourcesBuildPhase section */
		5D37961A19B0261C00C8A318 /* Sources */ = {
			isa = PBXSourcesBuildPhase;
			buildActionMask = 2147483647;
			files = (
				5D37963819B0261D00C8A318 /* firstClassViewController.m in Sources */,
				5D37963219B0261D00C8A318 /* firstClassAppDelegate.m in Sources */,
				5D37962E19B0261D00C8A318 /* main.m in Sources */,
			);
			runOnlyForDeploymentPostprocessing = 0;
		};
		5D37963B19B0261D00C8A318 /* Sources */ = {
			isa = PBXSourcesBuildPhase;
			buildActionMask = 2147483647;
			files = (
				5D37964D19B0261D00C8A318 /* counterPickLoLTests.m in Sources */,
			);
			runOnlyForDeploymentPostprocessing = 0;
		};
/* End PBXSourcesBuildPhase section */

/* Begin PBXTargetDependency section */
		5D37964519B0261D00C8A318 /* PBXTargetDependency */ = {
			isa = PBXTargetDependency;
			target = 5D37961D19B0261C00C8A318 /* counterPickLoL */;
			targetProxy = 5D37964419B0261D00C8A318 /* PBXContainerItemProxy */;
		};
/* End PBXTargetDependency section */

/* Begin PBXVariantGroup section */
		5D37962A19B0261C00C8A318 /* InfoPlist.strings */ = {
			isa = PBXVariantGroup;
			children = (
				5D37962B19B0261C00C8A318 /* en */,
			);
			name = InfoPlist.strings;
			sourceTree = "<group>";
		};
		5D37963319B0261D00C8A318 /* Main.storyboard */ = {
			isa = PBXVariantGroup;
			children = (
				5D37963419B0261D00C8A318 /* Base */,
			);
			name = Main.storyboard;
			sourceTree = "<group>";
		};
		5D37964919B0261D00C8A318 /* InfoPlist.strings */ = {
			isa = PBXVariantGroup;
			children = (
				5D37964A19B0261D00C8A318 /* en */,
			);
			name = InfoPlist.strings;
			sourceTree = "<group>";
		};
/* End PBXVariantGroup section */

/* Begin XCBuildConfiguration section */
		5D37964E19B0261D00C8A318 /* Debug */ = {
			isa = XCBuildConfiguration;
			buildSettings = {
				ALWAYS_SEARCH_USER_PATHS = NO;
				CLANG_CXX_LANGUAGE_STANDARD = "gnu++0x";
				CLANG_CXX_LIBRARY = "libc++";
				CLANG_ENABLE_MODULES = YES;
				CLANG_ENABLE_OBJC_ARC = YES;
				CLANG_WARN_BOOL_CONVERSION = YES;
				CLANG_WARN_CONSTANT_CONVERSION = YES;
				CLANG_WARN_DIRECT_OBJC_ISA_USAGE = YES_ERROR;
				CLANG_WARN_EMPTY_BODY = YES;
				CLANG_WARN_ENUM_CONVERSION = YES;
				CLANG_WARN_INT_CONVERSION = YES;
				CLANG_WARN_OBJC_ROOT_CLASS = YES_ERROR;
				CLANG_WARN__DUPLICATE_METHOD_MATCH = YES;
				"CODE_SIGN_IDENTITY[sdk=iphoneos*]" = "iPhone Developer";
				COPY_PHASE_STRIP = NO;
				GCC_C_LANGUAGE_STANDARD = gnu99;
				GCC_DYNAMIC_NO_PIC = NO;
				GCC_OPTIMIZATION_LEVEL = 0;
				GCC_PREPROCESSOR_DEFINITIONS = (
					"DEBUG=1",
					"$(inherited)",
				);
				GCC_SYMBOLS_PRIVATE_EXTERN = NO;
				GCC_WARN_64_TO_32_BIT_CONVERSION = YES;
				GCC_WARN_ABOUT_RETURN_TYPE = YES_ERROR;
				GCC_WARN_UNDECLARED_SELECTOR = YES;
				GCC_WARN_UNINITIALIZED_AUTOS = YES_AGGRESSIVE;
				GCC_WARN_UNUSED_FUNCTION = YES;
				GCC_WARN_UNUSED_VARIABLE = YES;
				IPHONEOS_DEPLOYMENT_TARGET = 7.1;
				ONLY_ACTIVE_ARCH = YES;
				SDKROOT = iphoneos;
			};
			name = Debug;
		};
		5D37964F19B0261D00C8A318 /* Release */ = {
			isa = XCBuildConfiguration;
			buildSettings = {
				ALWAYS_SEARCH_USER_PATHS = NO;
				CLANG_CXX_LANGUAGE_STANDARD = "gnu++0x";
				CLANG_CXX_LIBRARY = "libc++";
				CLANG_ENABLE_MODULES = YES;
				CLANG_ENABLE_OBJC_ARC = YES;
				CLANG_WARN_BOOL_CONVERSION = YES;
				CLANG_WARN_CONSTANT_CONVERSION = YES;
				CLANG_WARN_DIRECT_OBJC_ISA_USAGE = YES_ERROR;
				CLANG_WARN_EMPTY_BODY = YES;
				CLANG_WARN_ENUM_CONVERSION = YES;
				CLANG_WARN_INT_CONVERSION = YES;
				CLANG_WARN_OBJC_ROOT_CLASS = YES_ERROR;
				CLANG_WARN__DUPLICATE_METHOD_MATCH = YES;
				"CODE_SIGN_IDENTITY[sdk=iphoneos*]" = "iPhone Developer";
				COPY_PHASE_STRIP = YES;
				ENABLE_NS_ASSERTIONS = NO;
				GCC_C_LANGUAGE_STANDARD = gnu99;
				GCC_WARN_64_TO_32_BIT_CONVERSION = YES;
				GCC_WARN_ABOUT_RETURN_TYPE = YES_ERROR;
				GCC_WARN_UNDECLARED_SELECTOR = YES;
				GCC_WARN_UNINITIALIZED_AUTOS = YES_AGGRESSIVE;
				GCC_WARN_UNUSED_FUNCTION = YES;
				GCC_WARN_UNUSED_VARIABLE = YES;
				IPHONEOS_DEPLOYMENT_TARGET = 7.1;
				SDKROOT = iphoneos;
				VALIDATE_PRODUCT = YES;
			};
			name = Release;
		};
		5D37965119B0261D00C8A318 /* Debug */ = {
			isa = XCBuildConfiguration;
			buildSettings = {
				ASSETCATALOG_COMPILER_APPICON_NAME = AppIcon;
				ASSETCATALOG_COMPILER_LAUNCHIMAGE_NAME = LaunchImage;
				GCC_PRECOMPILE_PREFIX_HEADER = YES;
				GCC_PREFIX_HEADER = "counterPickLoL/counterPickLoL-Prefix.pch";
				INFOPLIST_FILE = "counterPickLoL/counterPickLoL-Info.plist";
				PRODUCT_NAME = "$(TARGET_NAME)";
				WRAPPER_EXTENSION = app;
			};
			name = Debug;
		};
		5D37965219B0261D00C8A318 /* Release */ = {
			isa = XCBuildConfiguration;
			buildSettings = {
				ASSETCATALOG_COMPILER_APPICON_NAME = AppIcon;
				ASSETCATALOG_COMPILER_LAUNCHIMAGE_NAME = LaunchImage;
				GCC_PRECOMPILE_PREFIX_HEADER = YES;
				GCC_PREFIX_HEADER = "counterPickLoL/counterPickLoL-Prefix.pch";
				INFOPLIST_FILE = "counterPickLoL/counterPickLoL-Info.plist";
				PRODUCT_NAME = "$(TARGET_NAME)";
				WRAPPER_EXTENSION = app;
			};
			name = Release;
		};
		5D37965419B0261D00C8A318 /* Debug */ = {
			isa = XCBuildConfiguration;
			buildSettings = {
				BUNDLE_LOADER = "$(BUILT_PRODUCTS_DIR)/counterPickLoL.app/counterPickLoL";
				FRAMEWORK_SEARCH_PATHS = (
					"$(SDKROOT)/Developer/Library/Frameworks",
					"$(inherited)",
					"$(DEVELOPER_FRAMEWORKS_DIR)",
				);
				GCC_PRECOMPILE_PREFIX_HEADER = YES;
				GCC_PREFIX_HEADER = "counterPickLoL/counterPickLoL-Prefix.pch";
				GCC_PREPROCESSOR_DEFINITIONS = (
					"DEBUG=1",
					"$(inherited)",
				);
				INFOPLIST_FILE = "counterPickLoLTests/counterPickLoLTests-Info.plist";
				PRODUCT_NAME = "$(TARGET_NAME)";
				TEST_HOST = "$(BUNDLE_LOADER)";
				WRAPPER_EXTENSION = xctest;
			};
			name = Debug;
		};
		5D37965519B0261D00C8A318 /* Release */ = {
			isa = XCBuildConfiguration;
			buildSettings = {
				BUNDLE_LOADER = "$(BUILT_PRODUCTS_DIR)/counterPickLoL.app/counterPickLoL";
				FRAMEWORK_SEARCH_PATHS = (
					"$(SDKROOT)/Developer/Library/Frameworks",
					"$(inherited)",
					"$(DEVELOPER_FRAMEWORKS_DIR)",
				);
				GCC_PRECOMPILE_PREFIX_HEADER = YES;
				GCC_PREFIX_HEADER = "counterPickLoL/counterPickLoL-Prefix.pch";
				INFOPLIST_FILE = "counterPickLoLTests/counterPickLoLTests-Info.plist";
				PRODUCT_NAME = "$(TARGET_NAME)";
				TEST_HOST = "$(BUNDLE_LOADER)";
				WRAPPER_EXTENSION = xctest;
			};
			name = Release;
		};
/* End XCBuildConfiguration section */

/* Begin XCConfigurationList section */
		5D37961919B0261C00C8A318 /* Build configuration list for PBXProject "counterPickLoL" */ = {
			isa = XCConfigurationList;
			buildConfigurations = (
				5D37964E19B0261D00C8A318 /* Debug */,
				5D37964F19B0261D00C8A318 /* Release */,
			);
			defaultConfigurationIsVisible = 0;
			defaultConfigurationName = Release;
		};
		5D37965019B0261D00C8A318 /* Build configuration list for PBXNativeTarget "counterPickLoL" */ = {
			isa = XCConfigurationList;
			buildConfigurations = (
				5D37965119B0261D00C8A318 /* Debug */,
				5D37965219B0261D00C8A318 /* Release */,
			);
			defaultConfigurationIsVisible = 0;
		};
		5D37965319B0261D00C8A318 /* Build configuration list for PBXNativeTarget "counterPickLoLTests" */ = {
			isa = XCConfigurationList;
			buildConfigurations = (
				5D37965419B0261D00C8A318 /* Debug */,
				5D37965519B0261D00C8A318 /* Release */,
			);
			defaultConfigurationIsVisible = 0;
		};
/* End XCConfigurationList section */
	};
	rootObject = 5D37961619B0261C00C8A318 /* Project object */;
}
