// !$*UTF8*$!
{
	archiveVersion = 1;
	classes = {
	};
	objectVersion = 46;
	objects = {

/* Begin PBXBuildFile section */
		5D37962219B0261C00C8A318 /* Foundation.framework in Frameworks */ = {isa = PBXBuildFile; fileRef = 5D37962119B0261C00C8A318 /* Foundation.framework */; };
		5D37962419B0261C00C8A318 /* CoreGraphics.framework in Frameworks */ = {isa = PBXBuildFile; fileRef = 5D37962319B0261C00C8A318 /* CoreGraphics.framework */; };
		5D37962619B0261C00C8A318 /* UIKit.framework in Frameworks */ = {isa = PBXBuildFile; fileRef = 5D37962519B0261C00C8A318 /* UIKit.framework */; };
		5D37962C19B0261D00C8A318 /* InfoPlist.strings in Resources */ = {isa = PBXBuildFile; fileRef = 5D37962A19B0261C00C8A318 /* InfoPlist.strings */; };
		5D37962E19B0261D00C8A318 /* main.m in Sources */ = {isa = PBXBuildFile; fileRef = 5D37962D19B0261D00C8A318 /* main.m */; };
		5D37963219B0261D00C8A318 /* firstClassAppDelegate.m in Sources */ = {isa = PBXBuildFile; fileRef = 5D37963119B0261D00C8A318 /* firstClassAppDelegate.m */; };
		5D37963519B0261D00C8A318 /* Main.storyboard in Resources */ = {isa = PBXBuildFile; fileRef = 5D37963319B0261D00C8A318 /* Main.storyboard */; };
		5D37963819B0261D00C8A318 /* firstClassViewController.m in Sources */ = {isa = PBXBuildFile; fileRef = 5D37963719B0261D00C8A318 /* firstClassViewController.m */; };
		5D37963A19B0261D00C8A318 /* Images.xcassets in Resources */ = {isa = PBXBuildFile; fileRef = 5D37963919B0261D00C8A318 /* Images.xcassets */; };
		5D37964119B0261D00C8A318 /* XCTest.framework in Frameworks */ = {isa = PBXBuildFile; fileRef = 5D37964019B0261D00C8A318 /* XCTest.framework */; };
		5D37964219B0261D00C8A318 /* Foundation.framework in Frameworks */ = {isa = PBXBuildFile; fileRef = 5D37962119B0261C00C8A318 /* Foundation.framework */; };
		5D37964319B0261D00C8A318 /* UIKit.framework in Frameworks */ = {isa = PBXBuildFile; fileRef = 5D37962519B0261C00C8A318 /* UIKit.framework */; };
		5D37964B19B0261D00C8A318 /* InfoPlist.strings in Resources */ = {isa = PBXBuildFile; fileRef = 5D37964919B0261D00C8A318 /* InfoPlist.strings */; };
		5D37964D19B0261D00C8A318 /* counterPickLoLTests.m in Sources */ = {isa = PBXBuildFile; fileRef = 5D37964C19B0261D00C8A318 /* counterPickLoLTests.m */; };
		5D37965819B0431300C8A318 /* League_of_legends_logo_transparent.png in Resources */ = {isa = PBXBuildFile; fileRef = 5D37965719B0431300C8A318 /* League_of_legends_logo_transparent.png */; };
		5D37965A19B0468100C8A318 /* Azir.jpg in Resources */ = {isa = PBXBuildFile; fileRef = 5D37965919B0468100C8A318 /* Azir.jpg */; };
		5D37965C19B0477500C8A318 /* rootBackground.jpeg in Resources */ = {isa = PBXBuildFile; fileRef = 5D37965B19B0477500C8A318 /* rootBackground.jpeg */; };
		5D37965F19B04A3B00C8A318 /* TierListsTableViewController.m in Sources */ = {isa = PBXBuildFile; fileRef = 5D37965E19B04A3B00C8A318 /* TierListsTableViewController.m */; };
		5D37966219B057EC00C8A318 /* NavigationController.m in Sources */ = {isa = PBXBuildFile; fileRef = 5D37966119B057EC00C8A318 /* NavigationController.m */; };
		5D37966419B0591000C8A318 /* navigationBackground.jpeg in Resources */ = {isa = PBXBuildFile; fileRef = 5D37966319B0591000C8A318 /* navigationBackground.jpeg */; };
		5D7C8CCC19B1078100938107 /* Ahri.png in Resources */ = {isa = PBXBuildFile; fileRef = 5D7C8CCB19B1078100938107 /* Ahri.png */; };
		5D7C8CCE19B109BD00938107 /* Akali.png in Resources */ = {isa = PBXBuildFile; fileRef = 5D7C8CCD19B109BD00938107 /* Akali.png */; };
		5D7C8CD019B10A0B00938107 /* Aatrox.png in Resources */ = {isa = PBXBuildFile; fileRef = 5D7C8CCF19B10A0B00938107 /* Aatrox.png */; };
		5D7C8CD219B10A3300938107 /* Alistar.png in Resources */ = {isa = PBXBuildFile; fileRef = 5D7C8CD119B10A3300938107 /* Alistar.png */; };
		5D7C8CD419B10A3D00938107 /* Amumu.png in Resources */ = {isa = PBXBuildFile; fileRef = 5D7C8CD319B10A3D00938107 /* Amumu.png */; };
		5D7C8CD619B10A4500938107 /* Anivia.png in Resources */ = {isa = PBXBuildFile; fileRef = 5D7C8CD519B10A4500938107 /* Anivia.png */; };
		5D7C8CD819B10A4D00938107 /* Annie.png in Resources */ = {isa = PBXBuildFile; fileRef = 5D7C8CD719B10A4D00938107 /* Annie.png */; };
		5D7C8CDA19B10A5800938107 /* Ashe.png in Resources */ = {isa = PBXBuildFile; fileRef = 5D7C8CD919B10A5800938107 /* Ashe.png */; };
		5D7C8CDC19B10A6300938107 /* Blitzcrank.png in Resources */ = {isa = PBXBuildFile; fileRef = 5D7C8CDB19B10A6300938107 /* Blitzcrank.png */; };
		5D7C8CDE19B10A7D00938107 /* Brand.png in Resources */ = {isa = PBXBuildFile; fileRef = 5D7C8CDD19B10A7D00938107 /* Brand.png */; };
		5D7C8CE019B10A8400938107 /* Braum.png in Resources */ = {isa = PBXBuildFile; fileRef = 5D7C8CDF19B10A8400938107 /* Braum.png */; };
		5D7C8CE219B10A8E00938107 /* Caitlyn.png in Resources */ = {isa = PBXBuildFile; fileRef = 5D7C8CE119B10A8E00938107 /* Caitlyn.png */; };
		5D7C8CE419B10A9500938107 /* Cassiopeia.png in Resources */ = {isa = PBXBuildFile; fileRef = 5D7C8CE319B10A9500938107 /* Cassiopeia.png */; };
		5D7C8CE619B10A9E00938107 /* Chogath.png in Resources */ = {isa = PBXBuildFile; fileRef = 5D7C8CE519B10A9E00938107 /* Chogath.png */; };
		5D7C8CE819B10AAF00938107 /* Corki.png in Resources */ = {isa = PBXBuildFile; fileRef = 5D7C8CE719B10AAF00938107 /* Corki.png */; };
		5D7C8CEA19B10AB600938107 /* Darius.png in Resources */ = {isa = PBXBuildFile; fileRef = 5D7C8CE919B10AB600938107 /* Darius.png */; };
		5D7C8CEC19B10ABD00938107 /* Diana.png in Resources */ = {isa = PBXBuildFile; fileRef = 5D7C8CEB19B10ABD00938107 /* Diana.png */; };
		5D7C8CEE19B10AC200938107 /* Draven.png in Resources */ = {isa = PBXBuildFile; fileRef = 5D7C8CED19B10AC200938107 /* Draven.png */; };
		5D7C8CF019B10AD100938107 /* DrMundo.png in Resources */ = {isa = PBXBuildFile; fileRef = 5D7C8CEF19B10AD100938107 /* DrMundo.png */; };
		5D7C8CF219B10AD700938107 /* Elise.png in Resources */ = {isa = PBXBuildFile; fileRef = 5D7C8CF119B10AD700938107 /* Elise.png */; };
		5D7C8CF419B10ADC00938107 /* Evelynn.png in Resources */ = {isa = PBXBuildFile; fileRef = 5D7C8CF319B10ADC00938107 /* Evelynn.png */; };
		5D7C8CF619B10AE500938107 /* Ezreal.png in Resources */ = {isa = PBXBuildFile; fileRef = 5D7C8CF519B10AE500938107 /* Ezreal.png */; };
		5D7C8CF819B10AF200938107 /* Fiddlesticks.png in Resources */ = {isa = PBXBuildFile; fileRef = 5D7C8CF719B10AF200938107 /* Fiddlesticks.png */; };
		5D7C8CFA19B10B0E00938107 /* Fiora.png in Resources */ = {isa = PBXBuildFile; fileRef = 5D7C8CF919B10B0E00938107 /* Fiora.png */; };
		5D7C8CFC19B10B1800938107 /* Fizz.png in Resources */ = {isa = PBXBuildFile; fileRef = 5D7C8CFB19B10B1800938107 /* Fizz.png */; };
		5D7C8CFE19B10B1E00938107 /* Galio.png in Resources */ = {isa = PBXBuildFile; fileRef = 5D7C8CFD19B10B1E00938107 /* Galio.png */; };
		5D7C8D0019B10B2500938107 /* Gangplank.png in Resources */ = {isa = PBXBuildFile; fileRef = 5D7C8CFF19B10B2500938107 /* Gangplank.png */; };
		5D7C8D0219B10B2E00938107 /* Garen.png in Resources */ = {isa = PBXBuildFile; fileRef = 5D7C8D0119B10B2E00938107 /* Garen.png */; };
		5D7C8D0419B10B5100938107 /* Gnar.png in Resources */ = {isa = PBXBuildFile; fileRef = 5D7C8D0319B10B5100938107 /* Gnar.png */; };
		5D7C8D0619B10B7A00938107 /* Gragas.png in Resources */ = {isa = PBXBuildFile; fileRef = 5D7C8D0519B10B7900938107 /* Gragas.png */; };
		5D7C8D0819B10B8300938107 /* Graves.png in Resources */ = {isa = PBXBuildFile; fileRef = 5D7C8D0719B10B8300938107 /* Graves.png */; };
		5D7C8D0A19B10B8900938107 /* Hecarim.png in Resources */ = {isa = PBXBuildFile; fileRef = 5D7C8D0919B10B8900938107 /* Hecarim.png */; };
		5D7C8D0C19B10B9300938107 /* Heimerdinger.png in Resources */ = {isa = PBXBuildFile; fileRef = 5D7C8D0B19B10B9300938107 /* Heimerdinger.png */; };
		5D7C8D0E19B10B9900938107 /* Irelia.png in Resources */ = {isa = PBXBuildFile; fileRef = 5D7C8D0D19B10B9900938107 /* Irelia.png */; };
		5D7C8D1019B10B9E00938107 /* Janna.png in Resources */ = {isa = PBXBuildFile; fileRef = 5D7C8D0F19B10B9E00938107 /* Janna.png */; };
		5D7C8D1219B10BA600938107 /* JarvanIV.png in Resources */ = {isa = PBXBuildFile; fileRef = 5D7C8D1119B10BA600938107 /* JarvanIV.png */; };
		5D7C8D1419B10BAD00938107 /* Jax.png in Resources */ = {isa = PBXBuildFile; fileRef = 5D7C8D1319B10BAD00938107 /* Jax.png */; };
		5D7C8D1619B10BB400938107 /* Jayce.png in Resources */ = {isa = PBXBuildFile; fileRef = 5D7C8D1519B10BB400938107 /* Jayce.png */; };
		5D7C8D1819B10BB900938107 /* Jinx.png in Resources */ = {isa = PBXBuildFile; fileRef = 5D7C8D1719B10BB900938107 /* Jinx.png */; };
		5D7C8D1A19B10BBF00938107 /* Karma.png in Resources */ = {isa = PBXBuildFile; fileRef = 5D7C8D1919B10BBF00938107 /* Karma.png */; };
		5D7C8D1C19B10BC700938107 /* Karthus.png in Resources */ = {isa = PBXBuildFile; fileRef = 5D7C8D1B19B10BC700938107 /* Karthus.png */; };
		5D7C8D1E19B10BE400938107 /* Kassadin.png in Resources */ = {isa = PBXBuildFile; fileRef = 5D7C8D1D19B10BE400938107 /* Kassadin.png */; };
		5D7C8D2019B10C1100938107 /* Katarina.png in Resources */ = {isa = PBXBuildFile; fileRef = 5D7C8D1F19B10C1100938107 /* Katarina.png */; };
		5D7C8D2219B10C1700938107 /* Kayle.png in Resources */ = {isa = PBXBuildFile; fileRef = 5D7C8D2119B10C1700938107 /* Kayle.png */; };
		5D7C8D2419B10C2400938107 /* Kennen.png in Resources */ = {isa = PBXBuildFile; fileRef = 5D7C8D2319B10C2400938107 /* Kennen.png */; };
		5D7C8D2619B10C4900938107 /* Khazix.png in Resources */ = {isa = PBXBuildFile; fileRef = 5D7C8D2519B10C4900938107 /* Khazix.png */; };
		5D7C8D2819B10C8400938107 /* KogMaw.png in Resources */ = {isa = PBXBuildFile; fileRef = 5D7C8D2719B10C8400938107 /* KogMaw.png */; };
		5D7C8D2A19B10C8A00938107 /* Leblanc.png in Resources */ = {isa = PBXBuildFile; fileRef = 5D7C8D2919B10C8A00938107 /* Leblanc.png */; };
		5D7C8D2C19B10C9000938107 /* LeeSin.png in Resources */ = {isa = PBXBuildFile; fileRef = 5D7C8D2B19B10C9000938107 /* LeeSin.png */; };
		5D7C8D2E19B10C9500938107 /* Leona.png in Resources */ = {isa = PBXBuildFile; fileRef = 5D7C8D2D19B10C9500938107 /* Leona.png */; };
		5D7C8D3019B10C9A00938107 /* Lissandra.png in Resources */ = {isa = PBXBuildFile; fileRef = 5D7C8D2F19B10C9A00938107 /* Lissandra.png */; };
		5D7C8D3219B10CA000938107 /* Lucian.png in Resources */ = {isa = PBXBuildFile; fileRef = 5D7C8D3119B10CA000938107 /* Lucian.png */; };
		5D7C8D3419B10CA800938107 /* Lulu.png in Resources */ = {isa = PBXBuildFile; fileRef = 5D7C8D3319B10CA800938107 /* Lulu.png */; };
		5D7C8D3619B10CAE00938107 /* Lux.png in Resources */ = {isa = PBXBuildFile; fileRef = 5D7C8D3519B10CAE00938107 /* Lux.png */; };
		5D7C8D3819B10CB800938107 /* Malphite.png in Resources */ = {isa = PBXBuildFile; fileRef = 5D7C8D3719B10CB800938107 /* Malphite.png */; };
		5D7C8D3A19B10CBF00938107 /* Malzahar.png in Resources */ = {isa = PBXBuildFile; fileRef = 5D7C8D3919B10CBF00938107 /* Malzahar.png */; };
		5D7C8D3C19B10CCD00938107 /* Maokai.png in Resources */ = {isa = PBXBuildFile; fileRef = 5D7C8D3B19B10CCD00938107 /* Maokai.png */; };
		5D7C8D3E19B10D3400938107 /* MasterYi.png in Resources */ = {isa = PBXBuildFile; fileRef = 5D7C8D3D19B10D3400938107 /* MasterYi.png */; };
		5D7C8D4019B10D3E00938107 /* MissFortune.png in Resources */ = {isa = PBXBuildFile; fileRef = 5D7C8D3F19B10D3E00938107 /* MissFortune.png */; };
		5D7C8D4219B10D4300938107 /* MonkeyKing.png in Resources */ = {isa = PBXBuildFile; fileRef = 5D7C8D4119B10D4300938107 /* MonkeyKing.png */; };
		5D7C8D4419B10D4900938107 /* Mordekaiser.png in Resources */ = {isa = PBXBuildFile; fileRef = 5D7C8D4319B10D4900938107 /* Mordekaiser.png */; };
		5D7C8D4619B10D5000938107 /* Morgana.png in Resources */ = {isa = PBXBuildFile; fileRef = 5D7C8D4519B10D5000938107 /* Morgana.png */; };
		5D7C8D4819B10D5600938107 /* Nami.png in Resources */ = {isa = PBXBuildFile; fileRef = 5D7C8D4719B10D5600938107 /* Nami.png */; };
		5D7C8D4A19B10D5B00938107 /* Nasus.png in Resources */ = {isa = PBXBuildFile; fileRef = 5D7C8D4919B10D5B00938107 /* Nasus.png */; };
		5D7C8D4C19B10D6100938107 /* Nautilus.png in Resources */ = {isa = PBXBuildFile; fileRef = 5D7C8D4B19B10D6100938107 /* Nautilus.png */; };
		5D7C8D4E19B10D6900938107 /* Nidalee.png in Resources */ = {isa = PBXBuildFile; fileRef = 5D7C8D4D19B10D6900938107 /* Nidalee.png */; };
		5D7C8D5019B10D7C00938107 /* Nocturne.png in Resources */ = {isa = PBXBuildFile; fileRef = 5D7C8D4F19B10D7C00938107 /* Nocturne.png */; };
		5D7C8D5219B10DDF00938107 /* Nunu.png in Resources */ = {isa = PBXBuildFile; fileRef = 5D7C8D5119B10DDF00938107 /* Nunu.png */; };
		5D7C8D5419B10DE900938107 /* Olaf.png in Resources */ = {isa = PBXBuildFile; fileRef = 5D7C8D5319B10DE900938107 /* Olaf.png */; };
		5D7C8D5619B10E0100938107 /* Orianna.png in Resources */ = {isa = PBXBuildFile; fileRef = 5D7C8D5519B10E0100938107 /* Orianna.png */; };
		5D7C8D5819B10E0800938107 /* Pantheon.png in Resources */ = {isa = PBXBuildFile; fileRef = 5D7C8D5719B10E0800938107 /* Pantheon.png */; };
		5D7C8D5A19B10E1500938107 /* Poppy.png in Resources */ = {isa = PBXBuildFile; fileRef = 5D7C8D5919B10E1500938107 /* Poppy.png */; };
		5D7C8D5C19B10E2D00938107 /* Quinn.png in Resources */ = {isa = PBXBuildFile; fileRef = 5D7C8D5B19B10E2D00938107 /* Quinn.png */; };
		5D7C8D5E19B10E3700938107 /* Rammus.png in Resources */ = {isa = PBXBuildFile; fileRef = 5D7C8D5D19B10E3700938107 /* Rammus.png */; };
		5D7C8D6019B10E4300938107 /* Renekton.png in Resources */ = {isa = PBXBuildFile; fileRef = 5D7C8D5F19B10E4300938107 /* Renekton.png */; };
		5D7C8D6219B10E4C00938107 /* Rengar.png in Resources */ = {isa = PBXBuildFile; fileRef = 5D7C8D6119B10E4C00938107 /* Rengar.png */; };
		5D7C8D6419B10E5300938107 /* Riven.png in Resources */ = {isa = PBXBuildFile; fileRef = 5D7C8D6319B10E5300938107 /* Riven.png */; };
		5D7C8D6619B10E5900938107 /* Rumble.png in Resources */ = {isa = PBXBuildFile; fileRef = 5D7C8D6519B10E5900938107 /* Rumble.png */; };
		5D7C8D6819B10E6800938107 /* Ryze.png in Resources */ = {isa = PBXBuildFile; fileRef = 5D7C8D6719B10E6800938107 /* Ryze.png */; };
		5D7C8D6A19B10E8F00938107 /* Sejuani.png in Resources */ = {isa = PBXBuildFile; fileRef = 5D7C8D6919B10E8F00938107 /* Sejuani.png */; };
		5D7C8D6C19B10EA400938107 /* Shaco.png in Resources */ = {isa = PBXBuildFile; fileRef = 5D7C8D6B19B10EA400938107 /* Shaco.png */; };
		5D7C8D6E19B10EAD00938107 /* Shen.png in Resources */ = {isa = PBXBuildFile; fileRef = 5D7C8D6D19B10EAD00938107 /* Shen.png */; };
		5D7C8D7019B10EB400938107 /* Shyvana.png in Resources */ = {isa = PBXBuildFile; fileRef = 5D7C8D6F19B10EB400938107 /* Shyvana.png */; };
		5D7C8D7219B10EBC00938107 /* Singed.png in Resources */ = {isa = PBXBuildFile; fileRef = 5D7C8D7119B10EBC00938107 /* Singed.png */; };
		5D7C8D7419B10EC200938107 /* Sion.png in Resources */ = {isa = PBXBuildFile; fileRef = 5D7C8D7319B10EC200938107 /* Sion.png */; };
		5D7C8D7619B10EC900938107 /* Sivir.png in Resources */ = {isa = PBXBuildFile; fileRef = 5D7C8D7519B10EC900938107 /* Sivir.png */; };
		5D7C8D7819B10ECE00938107 /* Skarner.png in Resources */ = {isa = PBXBuildFile; fileRef = 5D7C8D7719B10ECE00938107 /* Skarner.png */; };
		5D7C8D7A19B10ED400938107 /* Sona.png in Resources */ = {isa = PBXBuildFile; fileRef = 5D7C8D7919B10ED400938107 /* Sona.png */; };
		5D7C8D7C19B10EDB00938107 /* Soraka.png in Resources */ = {isa = PBXBuildFile; fileRef = 5D7C8D7B19B10EDB00938107 /* Soraka.png */; };
		5D7C8D7E19B10EE100938107 /* Swain.png in Resources */ = {isa = PBXBuildFile; fileRef = 5D7C8D7D19B10EE100938107 /* Swain.png */; };
		5D7C8D8019B10EE500938107 /* Syndra.png in Resources */ = {isa = PBXBuildFile; fileRef = 5D7C8D7F19B10EE500938107 /* Syndra.png */; };
		5D7C8D8219B10EEF00938107 /* Talon.png in Resources */ = {isa = PBXBuildFile; fileRef = 5D7C8D8119B10EEF00938107 /* Talon.png */; };
		5D7C8D8419B10EF400938107 /* Taric.png in Resources */ = {isa = PBXBuildFile; fileRef = 5D7C8D8319B10EF400938107 /* Taric.png */; };
		5D7C8D8619B10EFB00938107 /* Teemo.png in Resources */ = {isa = PBXBuildFile; fileRef = 5D7C8D8519B10EFB00938107 /* Teemo.png */; };
		5D7C8D8819B10F4D00938107 /* Thresh.png in Resources */ = {isa = PBXBuildFile; fileRef = 5D7C8D8719B10F4D00938107 /* Thresh.png */; };
		5D7C8D8A19B10F5E00938107 /* Tristana.png in Resources */ = {isa = PBXBuildFile; fileRef = 5D7C8D8919B10F5E00938107 /* Tristana.png */; };
		5D7C8D8C19B10F7A00938107 /* Trundle.png in Resources */ = {isa = PBXBuildFile; fileRef = 5D7C8D8B19B10F7A00938107 /* Trundle.png */; };
		5D7C8D8E19B10F8200938107 /* Tryndamere.png in Resources */ = {isa = PBXBuildFile; fileRef = 5D7C8D8D19B10F8200938107 /* Tryndamere.png */; };
		5D7C8D9019B10F9A00938107 /* Twitch.png in Resources */ = {isa = PBXBuildFile; fileRef = 5D7C8D8F19B10F9A00938107 /* Twitch.png */; };
		5D7C8D9219B10FA200938107 /* Udyr.png in Resources */ = {isa = PBXBuildFile; fileRef = 5D7C8D9119B10FA200938107 /* Udyr.png */; };
		5D7C8D9419B10FA800938107 /* Urgot.png in Resources */ = {isa = PBXBuildFile; fileRef = 5D7C8D9319B10FA800938107 /* Urgot.png */; };
		5D7C8D9619B10FAD00938107 /* Varus.png in Resources */ = {isa = PBXBuildFile; fileRef = 5D7C8D9519B10FAD00938107 /* Varus.png */; };
		5D7C8D9819B10FB400938107 /* Vayne.png in Resources */ = {isa = PBXBuildFile; fileRef = 5D7C8D9719B10FB400938107 /* Vayne.png */; };
		5D7C8D9A19B10FBA00938107 /* Veigar.png in Resources */ = {isa = PBXBuildFile; fileRef = 5D7C8D9919B10FBA00938107 /* Veigar.png */; };
		5D7C8D9C19B10FC000938107 /* VelKoz.png in Resources */ = {isa = PBXBuildFile; fileRef = 5D7C8D9B19B10FBF00938107 /* VelKoz.png */; };
		5D7C8D9E19B10FC500938107 /* Vi.png in Resources */ = {isa = PBXBuildFile; fileRef = 5D7C8D9D19B10FC500938107 /* Vi.png */; };
		5D7C8DA019B10FCC00938107 /* Viktor.png in Resources */ = {isa = PBXBuildFile; fileRef = 5D7C8D9F19B10FCC00938107 /* Viktor.png */; };
		5D7C8DA219B10FD400938107 /* Vladimir.png in Resources */ = {isa = PBXBuildFile; fileRef = 5D7C8DA119B10FD400938107 /* Vladimir.png */; };
		5D7C8DA419B10FD900938107 /* Volibear.png in Resources */ = {isa = PBXBuildFile; fileRef = 5D7C8DA319B10FD900938107 /* Volibear.png */; };
		5D7C8DA619B10FE000938107 /* Warwick.png in Resources */ = {isa = PBXBuildFile; fileRef = 5D7C8DA519B10FE000938107 /* Warwick.png */; };
		5D7C8DA819B10FE600938107 /* Xerath.png in Resources */ = {isa = PBXBuildFile; fileRef = 5D7C8DA719B10FE600938107 /* Xerath.png */; };
		5D7C8DAA19B10FEC00938107 /* XinZhao.png in Resources */ = {isa = PBXBuildFile; fileRef = 5D7C8DA919B10FEC00938107 /* XinZhao.png */; };
		5D7C8DAC19B10FF000938107 /* Yasuo.png in Resources */ = {isa = PBXBuildFile; fileRef = 5D7C8DAB19B10FF000938107 /* Yasuo.png */; };
		5D7C8DAE19B10FF500938107 /* Yorick.png in Resources */ = {isa = PBXBuildFile; fileRef = 5D7C8DAD19B10FF500938107 /* Yorick.png */; };
		5D7C8DB019B10FFB00938107 /* Zac.png in Resources */ = {isa = PBXBuildFile; fileRef = 5D7C8DAF19B10FFB00938107 /* Zac.png */; };
		5D7C8DB219B1100000938107 /* Zed.png in Resources */ = {isa = PBXBuildFile; fileRef = 5D7C8DB119B1100000938107 /* Zed.png */; };
		5D7C8DB419B1100B00938107 /* Ziggs.png in Resources */ = {isa = PBXBuildFile; fileRef = 5D7C8DB319B1100B00938107 /* Ziggs.png */; };
		5D7C8DB619B1101300938107 /* Zilean.png in Resources */ = {isa = PBXBuildFile; fileRef = 5D7C8DB519B1101300938107 /* Zilean.png */; };
		5D7C8DB819B1101E00938107 /* Zyra.png in Resources */ = {isa = PBXBuildFile; fileRef = 5D7C8DB719B1101E00938107 /* Zyra.png */; };
		5D7C8DBE19B157C100938107 /* CustomCell.m in Sources */ = {isa = PBXBuildFile; fileRef = 5D7C8DBD19B157C100938107 /* CustomCell.m */; };
		5D7C8DC419B2824F00938107 /* TierListCollectionViewController.m in Sources */ = {isa = PBXBuildFile; fileRef = 5D7C8DC319B2824F00938107 /* TierListCollectionViewController.m */; };
		5D7C8DC519B2824F00938107 /* TierListCollectionViewController.m in Sources */ = {isa = PBXBuildFile; fileRef = 5D7C8DC319B2824F00938107 /* TierListCollectionViewController.m */; };
		5D7C8DC819B28C0000938107 /* TierHeaderCell.m in Sources */ = {isa = PBXBuildFile; fileRef = 5D7C8DC719B28C0000938107 /* TierHeaderCell.m */; };
		5D7C8DC919B28C0000938107 /* TierHeaderCell.m in Sources */ = {isa = PBXBuildFile; fileRef = 5D7C8DC719B28C0000938107 /* TierHeaderCell.m */; };
		5D7C8DCB19B2EAFE00938107 /* TwistedFate.png in Resources */ = {isa = PBXBuildFile; fileRef = 5D7C8DCA19B2EAFE00938107 /* TwistedFate.png */; };
		5D7C8DCC19B2EAFE00938107 /* TwistedFate.png in Resources */ = {isa = PBXBuildFile; fileRef = 5D7C8DCA19B2EAFE00938107 /* TwistedFate.png */; };
		5D7C8DCF19B3B62800938107 /* SelectCounterPickChampion.m in Sources */ = {isa = PBXBuildFile; fileRef = 5D7C8DCE19B3B62800938107 /* SelectCounterPickChampion.m */; };
		5D7C8DD019B3B62800938107 /* SelectCounterPickChampion.m in Sources */ = {isa = PBXBuildFile; fileRef = 5D7C8DCE19B3B62800938107 /* SelectCounterPickChampion.m */; };
/* End PBXBuildFile section */

/* Begin PBXContainerItemProxy section */
		5D37964419B0261D00C8A318 /* PBXContainerItemProxy */ = {
			isa = PBXContainerItemProxy;
			containerPortal = 5D37961619B0261C00C8A318 /* Project object */;
			proxyType = 1;
			remoteGlobalIDString = 5D37961D19B0261C00C8A318;
			remoteInfo = counterPickLoL;
		};
/* End PBXContainerItemProxy section */

/* Begin PBXFileReference section */
		5D37961E19B0261C00C8A318 /* counterPickLoL.app */ = {isa = PBXFileReference; explicitFileType = wrapper.application; includeInIndex = 0; path = counterPickLoL.app; sourceTree = BUILT_PRODUCTS_DIR; };
		5D37962119B0261C00C8A318 /* Foundation.framework */ = {isa = PBXFileReference; lastKnownFileType = wrapper.framework; name = Foundation.framework; path = System/Library/Frameworks/Foundation.framework; sourceTree = SDKROOT; };
		5D37962319B0261C00C8A318 /* CoreGraphics.framework */ = {isa = PBXFileReference; lastKnownFileType = wrapper.framework; name = CoreGraphics.framework; path = System/Library/Frameworks/CoreGraphics.framework; sourceTree = SDKROOT; };
		5D37962519B0261C00C8A318 /* UIKit.framework */ = {isa = PBXFileReference; lastKnownFileType = wrapper.framework; name = UIKit.framework; path = System/Library/Frameworks/UIKit.framework; sourceTree = SDKROOT; };
		5D37962919B0261C00C8A318 /* counterPickLoL-Info.plist */ = {isa = PBXFileReference; lastKnownFileType = text.plist.xml; path = "counterPickLoL-Info.plist"; sourceTree = "<group>"; };
		5D37962B19B0261C00C8A318 /* en */ = {isa = PBXFileReference; lastKnownFileType = text.plist.strings; name = en; path = en.lproj/InfoPlist.strings; sourceTree = "<group>"; };
		5D37962D19B0261D00C8A318 /* main.m */ = {isa = PBXFileReference; lastKnownFileType = sourcecode.c.objc; path = main.m; sourceTree = "<group>"; };
		5D37962F19B0261D00C8A318 /* counterPickLoL-Prefix.pch */ = {isa = PBXFileReference; lastKnownFileType = sourcecode.c.h; path = "counterPickLoL-Prefix.pch"; sourceTree = "<group>"; };
		5D37963019B0261D00C8A318 /* firstClassAppDelegate.h */ = {isa = PBXFileReference; lastKnownFileType = sourcecode.c.h; path = firstClassAppDelegate.h; sourceTree = "<group>"; };
		5D37963119B0261D00C8A318 /* firstClassAppDelegate.m */ = {isa = PBXFileReference; lastKnownFileType = sourcecode.c.objc; path = firstClassAppDelegate.m; sourceTree = "<group>"; };
		5D37963419B0261D00C8A318 /* Base */ = {isa = PBXFileReference; lastKnownFileType = file.storyboard; name = Base; path = Base.lproj/Main.storyboard; sourceTree = "<group>"; };
		5D37963619B0261D00C8A318 /* firstClassViewController.h */ = {isa = PBXFileReference; lastKnownFileType = sourcecode.c.h; path = firstClassViewController.h; sourceTree = "<group>"; };
		5D37963719B0261D00C8A318 /* firstClassViewController.m */ = {isa = PBXFileReference; lastKnownFileType = sourcecode.c.objc; path = firstClassViewController.m; sourceTree = "<group>"; };
		5D37963919B0261D00C8A318 /* Images.xcassets */ = {isa = PBXFileReference; lastKnownFileType = folder.assetcatalog; path = Images.xcassets; sourceTree = "<group>"; };
		5D37963F19B0261D00C8A318 /* counterPickLoLTests.xctest */ = {isa = PBXFileReference; explicitFileType = wrapper.cfbundle; includeInIndex = 0; path = counterPickLoLTests.xctest; sourceTree = BUILT_PRODUCTS_DIR; };
		5D37964019B0261D00C8A318 /* XCTest.framework */ = {isa = PBXFileReference; lastKnownFileType = wrapper.framework; name = XCTest.framework; path = Library/Frameworks/XCTest.framework; sourceTree = DEVELOPER_DIR; };
		5D37964819B0261D00C8A318 /* counterPickLoLTests-Info.plist */ = {isa = PBXFileReference; lastKnownFileType = text.plist.xml; path = "counterPickLoLTests-Info.plist"; sourceTree = "<group>"; };
		5D37964A19B0261D00C8A318 /* en */ = {isa = PBXFileReference; lastKnownFileType = text.plist.strings; name = en; path = en.lproj/InfoPlist.strings; sourceTree = "<group>"; };
		5D37964C19B0261D00C8A318 /* counterPickLoLTests.m */ = {isa = PBXFileReference; lastKnownFileType = sourcecode.c.objc; path = counterPickLoLTests.m; sourceTree = "<group>"; };
		5D37965719B0431300C8A318 /* League_of_legends_logo_transparent.png */ = {isa = PBXFileReference; lastKnownFileType = image.png; path = League_of_legends_logo_transparent.png; sourceTree = "<group>"; };
		5D37965919B0468100C8A318 /* Azir.jpg */ = {isa = PBXFileReference; lastKnownFileType = image.jpeg; path = Azir.jpg; sourceTree = "<group>"; };
		5D37965B19B0477500C8A318 /* rootBackground.jpeg */ = {isa = PBXFileReference; lastKnownFileType = image.jpeg; path = rootBackground.jpeg; sourceTree = "<group>"; };
		5D37965D19B04A3B00C8A318 /* TierListsTableViewController.h */ = {isa = PBXFileReference; fileEncoding = 4; lastKnownFileType = sourcecode.c.h; path = TierListsTableViewController.h; sourceTree = "<group>"; };
		5D37965E19B04A3B00C8A318 /* TierListsTableViewController.m */ = {isa = PBXFileReference; fileEncoding = 4; lastKnownFileType = sourcecode.c.objc; path = TierListsTableViewController.m; sourceTree = "<group>"; };
		5D37966019B057EC00C8A318 /* NavigationController.h */ = {isa = PBXFileReference; fileEncoding = 4; lastKnownFileType = sourcecode.c.h; path = NavigationController.h; sourceTree = "<group>"; };
		5D37966119B057EC00C8A318 /* NavigationController.m */ = {isa = PBXFileReference; fileEncoding = 4; lastKnownFileType = sourcecode.c.objc; path = NavigationController.m; sourceTree = "<group>"; };
		5D37966319B0591000C8A318 /* navigationBackground.jpeg */ = {isa = PBXFileReference; lastKnownFileType = image.jpeg; path = navigationBackground.jpeg; sourceTree = "<group>"; };
		5D7C8CCB19B1078100938107 /* Ahri.png */ = {isa = PBXFileReference; lastKnownFileType = image.png; path = Ahri.png; sourceTree = "<group>"; };
		5D7C8CCD19B109BD00938107 /* Akali.png */ = {isa = PBXFileReference; lastKnownFileType = image.png; path = Akali.png; sourceTree = "<group>"; };
		5D7C8CCF19B10A0B00938107 /* Aatrox.png */ = {isa = PBXFileReference; lastKnownFileType = image.png; path = Aatrox.png; sourceTree = "<group>"; };
		5D7C8CD119B10A3300938107 /* Alistar.png */ = {isa = PBXFileReference; lastKnownFileType = image.png; path = Alistar.png; sourceTree = "<group>"; };
		5D7C8CD319B10A3D00938107 /* Amumu.png */ = {isa = PBXFileReference; lastKnownFileType = image.png; path = Amumu.png; sourceTree = "<group>"; };
		5D7C8CD519B10A4500938107 /* Anivia.png */ = {isa = PBXFileReference; lastKnownFileType = image.png; path = Anivia.png; sourceTree = "<group>"; };
		5D7C8CD719B10A4D00938107 /* Annie.png */ = {isa = PBXFileReference; lastKnownFileType = image.png; path = Annie.png; sourceTree = "<group>"; };
		5D7C8CD919B10A5800938107 /* Ashe.png */ = {isa = PBXFileReference; lastKnownFileType = image.png; path = Ashe.png; sourceTree = "<group>"; };
		5D7C8CDB19B10A6300938107 /* Blitzcrank.png */ = {isa = PBXFileReference; lastKnownFileType = image.png; path = Blitzcrank.png; sourceTree = "<group>"; };
		5D7C8CDD19B10A7D00938107 /* Brand.png */ = {isa = PBXFileReference; lastKnownFileType = image.png; path = Brand.png; sourceTree = "<group>"; };
		5D7C8CDF19B10A8400938107 /* Braum.png */ = {isa = PBXFileReference; lastKnownFileType = image.png; path = Braum.png; sourceTree = "<group>"; };
		5D7C8CE119B10A8E00938107 /* Caitlyn.png */ = {isa = PBXFileReference; lastKnownFileType = image.png; path = Caitlyn.png; sourceTree = "<group>"; };
		5D7C8CE319B10A9500938107 /* Cassiopeia.png */ = {isa = PBXFileReference; lastKnownFileType = image.png; path = Cassiopeia.png; sourceTree = "<group>"; };
		5D7C8CE519B10A9E00938107 /* Chogath.png */ = {isa = PBXFileReference; lastKnownFileType = image.png; path = Chogath.png; sourceTree = "<group>"; };
		5D7C8CE719B10AAF00938107 /* Corki.png */ = {isa = PBXFileReference; lastKnownFileType = image.png; path = Corki.png; sourceTree = "<group>"; };
		5D7C8CE919B10AB600938107 /* Darius.png */ = {isa = PBXFileReference; lastKnownFileType = image.png; path = Darius.png; sourceTree = "<group>"; };
		5D7C8CEB19B10ABD00938107 /* Diana.png */ = {isa = PBXFileReference; lastKnownFileType = image.png; path = Diana.png; sourceTree = "<group>"; };
		5D7C8CED19B10AC200938107 /* Draven.png */ = {isa = PBXFileReference; lastKnownFileType = image.png; path = Draven.png; sourceTree = "<group>"; };
		5D7C8CEF19B10AD100938107 /* DrMundo.png */ = {isa = PBXFileReference; lastKnownFileType = image.png; path = DrMundo.png; sourceTree = "<group>"; };
		5D7C8CF119B10AD700938107 /* Elise.png */ = {isa = PBXFileReference; lastKnownFileType = image.png; path = Elise.png; sourceTree = "<group>"; };
		5D7C8CF319B10ADC00938107 /* Evelynn.png */ = {isa = PBXFileReference; lastKnownFileType = image.png; path = Evelynn.png; sourceTree = "<group>"; };
		5D7C8CF519B10AE500938107 /* Ezreal.png */ = {isa = PBXFileReference; lastKnownFileType = image.png; path = Ezreal.png; sourceTree = "<group>"; };
		5D7C8CF719B10AF200938107 /* Fiddlesticks.png */ = {isa = PBXFileReference; lastKnownFileType = image.png; path = Fiddlesticks.png; sourceTree = "<group>"; };
		5D7C8CF919B10B0E00938107 /* Fiora.png */ = {isa = PBXFileReference; lastKnownFileType = image.png; path = Fiora.png; sourceTree = "<group>"; };
		5D7C8CFB19B10B1800938107 /* Fizz.png */ = {isa = PBXFileReference; lastKnownFileType = image.png; path = Fizz.png; sourceTree = "<group>"; };
		5D7C8CFD19B10B1E00938107 /* Galio.png */ = {isa = PBXFileReference; lastKnownFileType = image.png; path = Galio.png; sourceTree = "<group>"; };
		5D7C8CFF19B10B2500938107 /* Gangplank.png */ = {isa = PBXFileReference; lastKnownFileType = image.png; path = Gangplank.png; sourceTree = "<group>"; };
		5D7C8D0119B10B2E00938107 /* Garen.png */ = {isa = PBXFileReference; lastKnownFileType = image.png; path = Garen.png; sourceTree = "<group>"; };
		5D7C8D0319B10B5100938107 /* Gnar.png */ = {isa = PBXFileReference; lastKnownFileType = image.png; path = Gnar.png; sourceTree = "<group>"; };
		5D7C8D0519B10B7900938107 /* Gragas.png */ = {isa = PBXFileReference; lastKnownFileType = image.png; path = Gragas.png; sourceTree = "<group>"; };
		5D7C8D0719B10B8300938107 /* Graves.png */ = {isa = PBXFileReference; lastKnownFileType = image.png; path = Graves.png; sourceTree = "<group>"; };
		5D7C8D0919B10B8900938107 /* Hecarim.png */ = {isa = PBXFileReference; lastKnownFileType = image.png; path = Hecarim.png; sourceTree = "<group>"; };
		5D7C8D0B19B10B9300938107 /* Heimerdinger.png */ = {isa = PBXFileReference; lastKnownFileType = image.png; path = Heimerdinger.png; sourceTree = "<group>"; };
		5D7C8D0D19B10B9900938107 /* Irelia.png */ = {isa = PBXFileReference; lastKnownFileType = image.png; path = Irelia.png; sourceTree = "<group>"; };
		5D7C8D0F19B10B9E00938107 /* Janna.png */ = {isa = PBXFileReference; lastKnownFileType = image.png; path = Janna.png; sourceTree = "<group>"; };
		5D7C8D1119B10BA600938107 /* JarvanIV.png */ = {isa = PBXFileReference; lastKnownFileType = image.png; path = JarvanIV.png; sourceTree = "<group>"; };
		5D7C8D1319B10BAD00938107 /* Jax.png */ = {isa = PBXFileReference; lastKnownFileType = image.png; path = Jax.png; sourceTree = "<group>"; };
		5D7C8D1519B10BB400938107 /* Jayce.png */ = {isa = PBXFileReference; lastKnownFileType = image.png; path = Jayce.png; sourceTree = "<group>"; };
		5D7C8D1719B10BB900938107 /* Jinx.png */ = {isa = PBXFileReference; lastKnownFileType = image.png; path = Jinx.png; sourceTree = "<group>"; };
		5D7C8D1919B10BBF00938107 /* Karma.png */ = {isa = PBXFileReference; lastKnownFileType = image.png; path = Karma.png; sourceTree = "<group>"; };
		5D7C8D1B19B10BC700938107 /* Karthus.png */ = {isa = PBXFileReference; lastKnownFileType = image.png; path = Karthus.png; sourceTree = "<group>"; };
		5D7C8D1D19B10BE400938107 /* Kassadin.png */ = {isa = PBXFileReference; lastKnownFileType = image.png; path = Kassadin.png; sourceTree = "<group>"; };
		5D7C8D1F19B10C1100938107 /* Katarina.png */ = {isa = PBXFileReference; lastKnownFileType = image.png; path = Katarina.png; sourceTree = "<group>"; };
		5D7C8D2119B10C1700938107 /* Kayle.png */ = {isa = PBXFileReference; lastKnownFileType = image.png; path = Kayle.png; sourceTree = "<group>"; };
		5D7C8D2319B10C2400938107 /* Kennen.png */ = {isa = PBXFileReference; lastKnownFileType = image.png; path = Kennen.png; sourceTree = "<group>"; };
		5D7C8D2519B10C4900938107 /* Khazix.png */ = {isa = PBXFileReference; lastKnownFileType = image.png; path = Khazix.png; sourceTree = "<group>"; };
		5D7C8D2719B10C8400938107 /* KogMaw.png */ = {isa = PBXFileReference; lastKnownFileType = image.png; path = KogMaw.png; sourceTree = "<group>"; };
		5D7C8D2919B10C8A00938107 /* Leblanc.png */ = {isa = PBXFileReference; lastKnownFileType = image.png; path = Leblanc.png; sourceTree = "<group>"; };
		5D7C8D2B19B10C9000938107 /* LeeSin.png */ = {isa = PBXFileReference; lastKnownFileType = image.png; path = LeeSin.png; sourceTree = "<group>"; };
		5D7C8D2D19B10C9500938107 /* Leona.png */ = {isa = PBXFileReference; lastKnownFileType = image.png; path = Leona.png; sourceTree = "<group>"; };
		5D7C8D2F19B10C9A00938107 /* Lissandra.png */ = {isa = PBXFileReference; lastKnownFileType = image.png; path = Lissandra.png; sourceTree = "<group>"; };
		5D7C8D3119B10CA000938107 /* Lucian.png */ = {isa = PBXFileReference; lastKnownFileType = image.png; path = Lucian.png; sourceTree = "<group>"; };
		5D7C8D3319B10CA800938107 /* Lulu.png */ = {isa = PBXFileReference; lastKnownFileType = image.png; path = Lulu.png; sourceTree = "<group>"; };
		5D7C8D3519B10CAE00938107 /* Lux.png */ = {isa = PBXFileReference; lastKnownFileType = image.png; path = Lux.png; sourceTree = "<group>"; };
		5D7C8D3719B10CB800938107 /* Malphite.png */ = {isa = PBXFileReference; lastKnownFileType = image.png; path = Malphite.png; sourceTree = "<group>"; };
		5D7C8D3919B10CBF00938107 /* Malzahar.png */ = {isa = PBXFileReference; lastKnownFileType = image.png; path = Malzahar.png; sourceTree = "<group>"; };
		5D7C8D3B19B10CCD00938107 /* Maokai.png */ = {isa = PBXFileReference; lastKnownFileType = image.png; path = Maokai.png; sourceTree = "<group>"; };
		5D7C8D3D19B10D3400938107 /* MasterYi.png */ = {isa = PBXFileReference; lastKnownFileType = image.png; path = MasterYi.png; sourceTree = "<group>"; };
		5D7C8D3F19B10D3E00938107 /* MissFortune.png */ = {isa = PBXFileReference; lastKnownFileType = image.png; path = MissFortune.png; sourceTree = "<group>"; };
		5D7C8D4119B10D4300938107 /* MonkeyKing.png */ = {isa = PBXFileReference; lastKnownFileType = image.png; path = MonkeyKing.png; sourceTree = "<group>"; };
		5D7C8D4319B10D4900938107 /* Mordekaiser.png */ = {isa = PBXFileReference; lastKnownFileType = image.png; path = Mordekaiser.png; sourceTree = "<group>"; };
		5D7C8D4519B10D5000938107 /* Morgana.png */ = {isa = PBXFileReference; lastKnownFileType = image.png; path = Morgana.png; sourceTree = "<group>"; };
		5D7C8D4719B10D5600938107 /* Nami.png */ = {isa = PBXFileReference; lastKnownFileType = image.png; path = Nami.png; sourceTree = "<group>"; };
		5D7C8D4919B10D5B00938107 /* Nasus.png */ = {isa = PBXFileReference; lastKnownFileType = image.png; path = Nasus.png; sourceTree = "<group>"; };
		5D7C8D4B19B10D6100938107 /* Nautilus.png */ = {isa = PBXFileReference; lastKnownFileType = image.png; path = Nautilus.png; sourceTree = "<group>"; };
		5D7C8D4D19B10D6900938107 /* Nidalee.png */ = {isa = PBXFileReference; lastKnownFileType = image.png; path = Nidalee.png; sourceTree = "<group>"; };
		5D7C8D4F19B10D7C00938107 /* Nocturne.png */ = {isa = PBXFileReference; lastKnownFileType = image.png; path = Nocturne.png; sourceTree = "<group>"; };
		5D7C8D5119B10DDF00938107 /* Nunu.png */ = {isa = PBXFileReference; lastKnownFileType = image.png; path = Nunu.png; sourceTree = "<group>"; };
		5D7C8D5319B10DE900938107 /* Olaf.png */ = {isa = PBXFileReference; lastKnownFileType = image.png; path = Olaf.png; sourceTree = "<group>"; };
		5D7C8D5519B10E0100938107 /* Orianna.png */ = {isa = PBXFileReference; lastKnownFileType = image.png; path = Orianna.png; sourceTree = "<group>"; };
		5D7C8D5719B10E0800938107 /* Pantheon.png */ = {isa = PBXFileReference; lastKnownFileType = image.png; path = Pantheon.png; sourceTree = "<group>"; };
		5D7C8D5919B10E1500938107 /* Poppy.png */ = {isa = PBXFileReference; lastKnownFileType = image.png; path = Poppy.png; sourceTree = "<group>"; };
		5D7C8D5B19B10E2D00938107 /* Quinn.png */ = {isa = PBXFileReference; lastKnownFileType = image.png; path = Quinn.png; sourceTree = "<group>"; };
		5D7C8D5D19B10E3700938107 /* Rammus.png */ = {isa = PBXFileReference; lastKnownFileType = image.png; path = Rammus.png; sourceTree = "<group>"; };
		5D7C8D5F19B10E4300938107 /* Renekton.png */ = {isa = PBXFileReference; lastKnownFileType = image.png; path = Renekton.png; sourceTree = "<group>"; };
		5D7C8D6119B10E4C00938107 /* Rengar.png */ = {isa = PBXFileReference; lastKnownFileType = image.png; path = Rengar.png; sourceTree = "<group>"; };
		5D7C8D6319B10E5300938107 /* Riven.png */ = {isa = PBXFileReference; lastKnownFileType = image.png; path = Riven.png; sourceTree = "<group>"; };
		5D7C8D6519B10E5900938107 /* Rumble.png */ = {isa = PBXFileReference; lastKnownFileType = image.png; path = Rumble.png; sourceTree = "<group>"; };
		5D7C8D6719B10E6800938107 /* Ryze.png */ = {isa = PBXFileReference; lastKnownFileType = image.png; path = Ryze.png; sourceTree = "<group>"; };
		5D7C8D6919B10E8F00938107 /* Sejuani.png */ = {isa = PBXFileReference; lastKnownFileType = image.png; path = Sejuani.png; sourceTree = "<group>"; };
		5D7C8D6B19B10EA400938107 /* Shaco.png */ = {isa = PBXFileReference; lastKnownFileType = image.png; path = Shaco.png; sourceTree = "<group>"; };
		5D7C8D6D19B10EAD00938107 /* Shen.png */ = {isa = PBXFileReference; lastKnownFileType = image.png; path = Shen.png; sourceTree = "<group>"; };
		5D7C8D6F19B10EB400938107 /* Shyvana.png */ = {isa = PBXFileReference; lastKnownFileType = image.png; path = Shyvana.png; sourceTree = "<group>"; };
		5D7C8D7119B10EBC00938107 /* Singed.png */ = {isa = PBXFileReference; lastKnownFileType = image.png; path = Singed.png; sourceTree = "<group>"; };
		5D7C8D7319B10EC200938107 /* Sion.png */ = {isa = PBXFileReference; lastKnownFileType = image.png; path = Sion.png; sourceTree = "<group>"; };
		5D7C8D7519B10EC900938107 /* Sivir.png */ = {isa = PBXFileReference; lastKnownFileType = image.png; path = Sivir.png; sourceTree = "<group>"; };
		5D7C8D7719B10ECE00938107 /* Skarner.png */ = {isa = PBXFileReference; lastKnownFileType = image.png; path = Skarner.png; sourceTree = "<group>"; };
		5D7C8D7919B10ED400938107 /* Sona.png */ = {isa = PBXFileReference; lastKnownFileType = image.png; path = Sona.png; sourceTree = "<group>"; };
		5D7C8D7B19B10EDB00938107 /* Soraka.png */ = {isa = PBXFileReference; lastKnownFileType = image.png; path = Soraka.png; sourceTree = "<group>"; };
		5D7C8D7D19B10EE100938107 /* Swain.png */ = {isa = PBXFileReference; lastKnownFileType = image.png; path = Swain.png; sourceTree = "<group>"; };
		5D7C8D7F19B10EE500938107 /* Syndra.png */ = {isa = PBXFileReference; lastKnownFileType = image.png; path = Syndra.png; sourceTree = "<group>"; };
		5D7C8D8119B10EEF00938107 /* Talon.png */ = {isa = PBXFileReference; lastKnownFileType = image.png; path = Talon.png; sourceTree = "<group>"; };
		5D7C8D8319B10EF400938107 /* Taric.png */ = {isa = PBXFileReference; lastKnownFileType = image.png; path = Taric.png; sourceTree = "<group>"; };
		5D7C8D8519B10EFB00938107 /* Teemo.png */ = {isa = PBXFileReference; lastKnownFileType = image.png; path = Teemo.png; sourceTree = "<group>"; };
		5D7C8D8719B10F4D00938107 /* Thresh.png */ = {isa = PBXFileReference; lastKnownFileType = image.png; path = Thresh.png; sourceTree = "<group>"; };
		5D7C8D8919B10F5E00938107 /* Tristana.png */ = {isa = PBXFileReference; lastKnownFileType = image.png; path = Tristana.png; sourceTree = "<group>"; };
		5D7C8D8B19B10F7A00938107 /* Trundle.png */ = {isa = PBXFileReference; lastKnownFileType = image.png; path = Trundle.png; sourceTree = "<group>"; };
		5D7C8D8D19B10F8200938107 /* Tryndamere.png */ = {isa = PBXFileReference; lastKnownFileType = image.png; path = Tryndamere.png; sourceTree = "<group>"; };
		5D7C8D8F19B10F9A00938107 /* Twitch.png */ = {isa = PBXFileReference; lastKnownFileType = image.png; path = Twitch.png; sourceTree = "<group>"; };
		5D7C8D9119B10FA200938107 /* Udyr.png */ = {isa = PBXFileReference; lastKnownFileType = image.png; path = Udyr.png; sourceTree = "<group>"; };
		5D7C8D9319B10FA800938107 /* Urgot.png */ = {isa = PBXFileReference; lastKnownFileType = image.png; path = Urgot.png; sourceTree = "<group>"; };
		5D7C8D9519B10FAD00938107 /* Varus.png */ = {isa = PBXFileReference; lastKnownFileType = image.png; path = Varus.png; sourceTree = "<group>"; };
		5D7C8D9719B10FB400938107 /* Vayne.png */ = {isa = PBXFileReference; lastKnownFileType = image.png; path = Vayne.png; sourceTree = "<group>"; };
		5D7C8D9919B10FBA00938107 /* Veigar.png */ = {isa = PBXFileReference; lastKnownFileType = image.png; path = Veigar.png; sourceTree = "<group>"; };
		5D7C8D9B19B10FBF00938107 /* VelKoz.png */ = {isa = PBXFileReference; lastKnownFileType = image.png; path = VelKoz.png; sourceTree = "<group>"; };
		5D7C8D9D19B10FC500938107 /* Vi.png */ = {isa = PBXFileReference; lastKnownFileType = image.png; path = Vi.png; sourceTree = "<group>"; };
		5D7C8D9F19B10FCC00938107 /* Viktor.png */ = {isa = PBXFileReference; lastKnownFileType = image.png; path = Viktor.png; sourceTree = "<group>"; };
		5D7C8DA119B10FD400938107 /* Vladimir.png */ = {isa = PBXFileReference; lastKnownFileType = image.png; path = Vladimir.png; sourceTree = "<group>"; };
		5D7C8DA319B10FD900938107 /* Volibear.png */ = {isa = PBXFileReference; lastKnownFileType = image.png; path = Volibear.png; sourceTree = "<group>"; };
		5D7C8DA519B10FE000938107 /* Warwick.png */ = {isa = PBXFileReference; lastKnownFileType = image.png; path = Warwick.png; sourceTree = "<group>"; };
		5D7C8DA719B10FE600938107 /* Xerath.png */ = {isa = PBXFileReference; lastKnownFileType = image.png; path = Xerath.png; sourceTree = "<group>"; };
		5D7C8DA919B10FEC00938107 /* XinZhao.png */ = {isa = PBXFileReference; lastKnownFileType = image.png; path = XinZhao.png; sourceTree = "<group>"; };
		5D7C8DAB19B10FF000938107 /* Yasuo.png */ = {isa = PBXFileReference; lastKnownFileType = image.png; path = Yasuo.png; sourceTree = "<group>"; };
		5D7C8DAD19B10FF500938107 /* Yorick.png */ = {isa = PBXFileReference; lastKnownFileType = image.png; path = Yorick.png; sourceTree = "<group>"; };
		5D7C8DAF19B10FFB00938107 /* Zac.png */ = {isa = PBXFileReference; lastKnownFileType = image.png; path = Zac.png; sourceTree = "<group>"; };
		5D7C8DB119B1100000938107 /* Zed.png */ = {isa = PBXFileReference; lastKnownFileType = image.png; path = Zed.png; sourceTree = "<group>"; };
		5D7C8DB319B1100B00938107 /* Ziggs.png */ = {isa = PBXFileReference; lastKnownFileType = image.png; path = Ziggs.png; sourceTree = "<group>"; };
		5D7C8DB519B1101300938107 /* Zilean.png */ = {isa = PBXFileReference; lastKnownFileType = image.png; path = Zilean.png; sourceTree = "<group>"; };
		5D7C8DB719B1101E00938107 /* Zyra.png */ = {isa = PBXFileReference; lastKnownFileType = image.png; path = Zyra.png; sourceTree = "<group>"; };
		5D7C8DBC19B157C100938107 /* CustomCell.h */ = {isa = PBXFileReference; fileEncoding = 4; lastKnownFileType = sourcecode.c.h; path = CustomCell.h; sourceTree = "<group>"; };
		5D7C8DBD19B157C100938107 /* CustomCell.m */ = {isa = PBXFileReference; fileEncoding = 4; lastKnownFileType = sourcecode.c.objc; path = CustomCell.m; sourceTree = "<group>"; };
		5D7C8DC219B2824F00938107 /* TierListCollectionViewController.h */ = {isa = PBXFileReference; fileEncoding = 4; lastKnownFileType = sourcecode.c.h; path = TierListCollectionViewController.h; sourceTree = "<group>"; };
		5D7C8DC319B2824F00938107 /* TierListCollectionViewController.m */ = {isa = PBXFileReference; fileEncoding = 4; lastKnownFileType = sourcecode.c.objc; path = TierListCollectionViewController.m; sourceTree = "<group>"; };
		5D7C8DC619B28C0000938107 /* TierHeaderCell.h */ = {isa = PBXFileReference; fileEncoding = 4; lastKnownFileType = sourcecode.c.h; path = TierHeaderCell.h; sourceTree = "<group>"; };
		5D7C8DC719B28C0000938107 /* TierHeaderCell.m */ = {isa = PBXFileReference; fileEncoding = 4; lastKnownFileType = sourcecode.c.objc; path = TierHeaderCell.m; sourceTree = "<group>"; };
		5D7C8DCA19B2EAFE00938107 /* TwistedFate.png */ = {isa = PBXFileReference; lastKnownFileType = image.png; path = TwistedFate.png; sourceTree = "<group>"; };
		5D7C8DCD19B3B62800938107 /* SelectCounterPickChampion.h */ = {isa = PBXFileReference; fileEncoding = 4; lastKnownFileType = sourcecode.c.h; path = SelectCounterPickChampion.h; sourceTree = "<group>"; };
		5D7C8DCE19B3B62800938107 /* SelectCounterPickChampion.m */ = {isa = PBXFileReference; fileEncoding = 4; lastKnownFileType = sourcecode.c.objc; path = SelectCounterPickChampion.m; sourceTree = "<group>"; };
/* End PBXFileReference section */

/* Begin PBXFrameworksBuildPhase section */
		5D37961B19B0261C00C8A318 /* Frameworks */ = {
			isa = PBXFrameworksBuildPhase;
			buildActionMask = 2147483647;
			files = (
				5D37962419B0261C00C8A318 /* CoreGraphics.framework in Frameworks */,
				5D37962619B0261C00C8A318 /* UIKit.framework in Frameworks */,
				5D37962219B0261C00C8A318 /* Foundation.framework in Frameworks */,
			);
			runOnlyForDeploymentPostprocessing = 0;
		};
		5D37963C19B0261D00C8A318 /* Frameworks */ = {
			isa = PBXFrameworksBuildPhase;
			buildActionMask = 2147483647;
			files = (
				5D37964119B0261D00C8A318 /* XCTest.framework in Frameworks */,
				5D37964319B0261D00C8A318 /* UIKit.framework in Frameworks */,
				5D37964219B0261D00C8A318 /* Foundation.framework in Frameworks */,
			);
			runOnlyForDeploymentPostprocessing = 0;
		};
/* End PBXFrameworksBuildPhase section */

/* Begin PBXGroup section */
		5D37961519B0261C00C8A318 = {
			isa = PBXGroup;
			children = (
				5D37962719B0261C00C8A318 /* counterPickLoL */,
				5D37964619B0261D00C8A318 /* counterPickLoLTests */,
				5D37962019B0261C00C8A318 /* Frameworks */,
				5D37961F19B0261C00C8A318 /* Products */,
			);
			sourceTree = "<group>";
		};
		5D37961F19B0261C00C8A318 /* Products */ = {
			isa = PBXGroup;
			children = (
				5D37961E19B0261C00C8A318 /* counterPickLoL.app */,
				5D37963F19B0261D00C8A318 /* counterPickLoLTests.xctest */,
			);
			name = Products;
			sourceTree = "<group>";
		};
		5D37962019B0261C00C8A318 /* Frameworks */ = {
			isa = PBXGroup;
			children = (
				5D37962119B0261C00C8A318 /* Foundation.framework */,
				5D37962319B0261C00C8A318 /* CoreGraphics.framework */,
				5D37962519B0261C00C8A318 /* UIKit.framework */,
				5D37964019B0261D00C8A318 /* XCTest.framework */,
			);
			name = Frameworks;
			sourceTree = "<group>";
		};
		5D37962719B0261C00C8A318 /* counterPickLoL */ = {
			isa = PBXGroup;
			children = (
				5D7C8DC219B2824F00938107 /* TierListCollectionViewController.h */,
				5D7C8DC319B2824F00938107 /* TierListCollectionViewController.m */,
				5D7C8DCD19B3B62800938107 /* SelectCounterPickChampion.h */,
				5D7C8DCE19B3B62800938107 /* SelectCounterPickChampion.m */,
				5D37963019B0261D00C8A318 /* firstClassAppDelegate.h */,
				5D37963119B0261D00C8A318 /* firstClassAppDelegate.m */,
				5D37963319B0261D00C8A318 /* Main.storyboard */,
				5D37963619B0261D00C8A318 /* firstClassViewController.h */,
				5D37963719B0261D00C8A318 /* firstClassViewController.m */,
				5D37965D19B04A3B00C8A318 /* TierListsTableViewController.h */,
				5D37965E19B04A3B00C8A318 /* TierListsTableViewController.m */,
				5D37966019B057EC00C8A318 /* NavigationController.h */,
				5D37966119B057EC00C8A318 /* NavigationController.m */,
				5D37963919B0261D00C8A318 /* Images.xcassets */,
				5D37962819B0261C00C8A318 /* Supporting Files */,
				5D7C8DBC19B157C100938107 /* CustomCell.h */,
				5D7C8DBD19B157C100938107 /* CustomCell.m */,
				5D7C8DC619B28C0000938107 /* TierHeaderCell.h */,
				5D7C8DC719B28C0000938107 /* TierHeaderCell.m */,
			);
			path = counterPickLoL;
			sourceTree = "<group>";
		};
		5D37962819B0261C00C8A318 /* Supporting Files */ = {
			isa = PBXGroup;
			children = (
				5D37965619B0430200C8A318 /* images */,
				5D37962919B0261C00C8A318 /* counterPickLoL-Info.plist */,
				5D37962A19B0261C00C8A318 /* InfoPlist.strings */,
				5D37962D19B0261D00C8A318 /* main.m */,
				5D37962F19B0261D00C8A318 /* counterPickLoL-Prefix.pch */,
			);
			name = "Supporting Files";
			sourceTree = "<group>";
		};
		5D37964619B0261D00C8A318 /* counterPickLoLTests */ = {
			isa = PBXGroup;
			children = (
				5D37964C19B0261D00C8A318 /* counterPickLoLTests.m */,
				5D37964719B0261D00C8A318 /* Supporting Files */,
			);
			path = counterPickLoLTests;
			sourceTree = "<group>";
		};
		5D37964719B0261D00C8A318 /* Supporting Files */ = {
			isa = PBXGroup;
			children = (
				5D37964819B0261D00C8A318 /* counterPickLoLTests-Info.plist */,
				5D37964919B0261D00C8A318 /* InfoPlist.strings */,
			);
			name = "Supporting Files";
			sourceTree = "<group>";
		};
		5D37965619B0430200C8A318 /* images */ = {
			isa = PBXGroup;
			children = (
				5D7C8BD619B1016600938107 /* championPortraits */,
				5D37966319B0591000C8A318 /* navigationBackground.jpeg */,
				5D37965B19B0477500C8A318 /* rootBackground.jpeg */,
				5D37965919B0468100C8A318 /* Azir.jpg */,
				5D37965719B0431300C8A318 /* League_of_legends_logo_transparent.png */,
			);
			name = images;
			sourceTree = "<group>";
		};
		5D7C8BD619B1016600938107 /* championPortraits */ = {
			isa = PBXGroup;
			children = (
				5D7C8CCF19B10A0B00938107 /* Aatrox.png */,
				5D7C8CCB19B1078100938107 /* Ahri.png */,
				5D7C8CCD19B109BD00938107 /* Akali.png */,
				5D7C8CD119B10A3300938107 /* Alistar.png */,
				5D7C8CD319B10A3D00938107 /* Amumu.png */,
				5D7C8CD519B10A4500938107 /* Anivia.png */,
				5D7C8CD719B10A4D00938107 /* Annie.png */,
				5D7C8CD919B10A5800938107 /* Ashe.png */,
				5D7C8CDB19B10A6300938107 /* Blitzcrank.png */,
				5D7C8CDD19B10A7D00938107 /* Brand.png */,
				5D7C8CDF19B10A8400938107 /* Braum.png */,
				5D7C8CE119B10A8E00938107 /* Caitlyn.png */,
				5D7C8CE319B10A9500938107 /* Cassiopeia.png */,
				5D7C8CE519B10A9E00938107 /* Chogath.png */,
				5D7C8CE719B10AAF00938107 /* Corki.png */,
				5D7C8CE919B10AB600938107 /* Darius.png */,
				5D7C8CEB19B10ABD00938107 /* Diana.png */,
				5D7C8CED19B10AC200938107 /* Draven.png */,
				5D7C8CEF19B10AD100938107 /* DrMundo.png */,
				5D7C8CF119B10AD700938107 /* Elise.png */,
				5D7C8CF319B10ADC00938107 /* Evelynn.png */,
				5D7C8CF519B10AE500938107 /* Ezreal.png */,
				5D7C8CF719B10AF200938107 /* Fiddlesticks.png */,
				5D7C8CF919B10B0E00938107 /* Fiora.png */,
				5D7C8CFB19B10B1800938107 /* Fizz.png */,
				5D7C8CFD19B10B1E00938107 /* Galio.png */,
				5D7C8CFF19B10B2500938107 /* Gangplank.png */,
				5D7C8D0119B10B2E00938107 /* Garen.png */,
				5D7C8D0319B10B5100938107 /* Gnar.png */,
				5D7C8D0519B10B7900938107 /* Gragas.png */,
				5D7C8D0719B10B8300938107 /* Graves.png */,
				5D7C8D0919B10B8900938107 /* Hecarim.png */,
				5D7C8D0B19B10B9300938107 /* Heimerdinger.png */,
				5D7C8D0D19B10B9900938107 /* Irelia.png */,
				5D7C8D0F19B10B9E00938107 /* Janna.png */,
				5D7C8D1119B10BA600938107 /* JarvanIV.png */,
				5D7C8D1319B10BAD00938107 /* Jax.png */,
				5D7C8D1519B10BB400938107 /* Jayce.png */,
				5D7C8D1719B10BB900938107 /* Jinx.png */,
				5D7C8D1919B10BBF00938107 /* Karma.png */,
				5D7C8D1B19B10BC700938107 /* Karthus.png */,
				5D7C8D1D19B10BE400938107 /* Kassadin.png */,
				5D7C8D1F19B10C1100938107 /* Katarina.png */,
				5D7C8D2119B10C1700938107 /* Kayle.png */,
				5D7C8D2319B10C2400938107 /* Kennen.png */,
				5D7C8D2519B10C4900938107 /* Khazix.png */,
				5D7C8D2719B10C8400938107 /* KogMaw.png */,
				5D7C8D2919B10C8A00938107 /* Leblanc.png */,
				5D7C8D2B19B10C9000938107 /* LeeSin.png */,
				5D7C8D2D19B10C9500938107 /* Leona.png */,
				5D7C8D2F19B10C9A00938107 /* Lissandra.png */,
				5D7C8D3119B10CA000938107 /* Lucian.png */,
				5D7C8D3319B10CA800938107 /* Lulu.png */,
				5D7C8D3519B10CAE00938107 /* Lux.png */,
				5D7C8D3719B10CB800938107 /* Malphite.png */,
				5D7C8D3919B10CBF00938107 /* Malzahar.png */,
				5D7C8D3B19B10CCD00938107 /* Maokai.png */,
				5D7C8D3D19B10D3400938107 /* MasterYi.png */,
				5D7C8D3F19B10D3E00938107 /* MissFortune.png */,
				5D7C8D4119B10D4300938107 /* MonkeyKing.png */,
				5D7C8D4319B10D4900938107 /* Mordekaiser.png */,
				5D7C8D4519B10D5000938107 /* Morgana.png */,
				5D7C8D4719B10D5600938107 /* Nami.png */,
				5D7C8D4919B10D5B00938107 /* Nasus.png */,
				5D7C8D4B19B10D6100938107 /* Nautilus.png */,
				5D7C8D4D19B10D6900938107 /* Nidalee.png */,
				5D7C8D4F19B10D7C00938107 /* Nocturne.png */,
				5D7C8D5119B10DDF00938107 /* Nunu.png */,
				5D7C8D5319B10DE900938107 /* Olaf.png */,
				5D7C8D5519B10E0100938107 /* Orianna.png */,
				5D7C8D5719B10E0800938107 /* Pantheon.png */,
				5D7C8D5919B10E1500938107 /* Poppy.png */,
				5D7C8D5B19B10E2D00938107 /* Quinn.png */,
				5D7C8D5D19B10E3700938107 /* Rammus.png */,
				5D7C8D5F19B10E4300938107 /* Renekton.png */,
				5D7C8D6119B10E4C00938107 /* Rengar.png */,
				5D7C8D6319B10E5300938107 /* Riven.png */,
				5D7C8D6519B10E5900938107 /* Rumble.png */,
				5D7C8D6719B10E6800938107 /* Ryze.png */,
				5D7C8D6919B10E8F00938107 /* Sejuani.png */,
				5D7C8D6B19B10EA400938107 /* Shaco.png */,
				5D7C8D6D19B10EAD00938107 /* Shen.png */,
				5D7C8D6F19B10EB400938107 /* Shyvana.png */,
				5D7C8D7119B10EBC00938107 /* Singed.png */,
				5D7C8D7319B10EC200938107 /* Sion.png */,
				5D7C8D7519B10EC900938107 /* Sivir.png */,
				5D7C8D7719B10ECE00938107 /* Skarner.png */,
				5D7C8D7919B10ED400938107 /* Sona.png */,
				5D7C8D7B19B10EDB00938107 /* Soraka.png */,
				5D7C8D7D19B10EE100938107 /* Swain.png */,
				5D7C8D7F19B10EE500938107 /* Syndra.png */,
				5D7C8D8119B10EEF00938107 /* Talon.png */,
				5D7C8D8319B10EF400938107 /* Taric.png */,
				5D7C8D8519B10EFB00938107 /* Teemo.png */,
				5D7C8D8719B10F4D00938107 /* Thresh.png */,
				5D7C8D8919B10F5E00938107 /* Tristana.png */,
				5D7C8D8B19B10F7A00938107 /* Trundle.png */,
				5D7C8D8D19B10F8200938107 /* Tryndamere.png */,
				5D7C8DCA19B2EAFE00938107 /* TwistedFate.png */,
				5D7C8D8F19B10F9A00938107 /* Twitch.png */,
				5D7C8D9119B10FA200938107 /* Udyr.png */,
				5D7C8D9319B10FA800938107 /* Urgot.png */,
				5D7C8D9519B10FAD00938107 /* Varus.png */,
				5D7C8D9719B10FB400938107 /* Vayne.png */,
				5D7C8D9919B10FBA00938107 /* Veigar.png */,
				5D7C8D9B19B10FBF00938107 /* VelKoz.png */,
				5D7C8D9D19B10FC500938107 /* Vi.png */,
				5D7C8D9F19B10FCC00938107 /* Viktor.png */,
				5D7C8DA119B10FD400938107 /* Vladimir.png */,
				5D7C8DA319B10FD900938107 /* Volibear.png */,
				5D7C8DA519B10FE000938107 /* Warwick.png */,
				5D7C8DA719B10FE600938107 /* Xerath.png */,
				5D7C8DA919B10FEC00938107 /* XinZhao.png */,
				5D7C8DAB19B10FF000938107 /* Yasuo.png */,
				5D7C8DAD19B10FF500938107 /* Yorick.png */,
				5D7C8DAF19B10FFB00938107 /* Zac.png */,
				5D7C8DB119B1100000938107 /* Zed.png */,
				5D7C8DB319B1100B00938107 /* Ziggs.png */,
				5D7C8DB519B1101300938107 /* Zilean.png */,
				5D7C8DB719B1101E00938107 /* Zyra.png */,
			);
			path = championPortraits;
			sourceTree = "<group>";
		};
/* End PBXGroup section */

/* Begin PBXNativeTarget section */
		5D37961D19B0261C00C8A318 /* counterPickLoL */ = {
			isa = PBXNativeTarget;
			buildConfigurationList = 5D37965019B0261D00C8A318 /* Build configuration list for PBXNativeTarget "counterPickLoL" */;
			buildPhases = (
				5D37961A19B0261C00C8A318 /* Sources */,
				5D37961B19B0261C00C8A318 /* Frameworks */,
				5D37961C19B0261C00C8A318 /* Resources */,
			);
			buildRules = (
			);
			dependencies = (
			);
			name = counterPickLoL;
			productName = counterPickLoL;
			productReference = 5D37961E19B0261C00C8A318 /* counterPickLoL.app */;
			productType = "com.apple.product-type.application";
		};
		5D37963E19B0261D00C8A318 /* counterPickLoLTests */ = {
			isa = PBXNativeTarget;
			buildConfigurationList = 5D37965319B0261D00C8A318 /* Build configuration list for PBXNativeTarget "counterPickLoLTests" */;
			buildPhases = (
				5D37963B19B0261D00C8A318 /* Sources */,
				5D37963C19B0261D00C8A318 /* Frameworks */,
				5D37963D19B0261D00C8A318 /* Resources */,
			);
			buildRules = (
			);
			dependencies = (
				5D37964519B0261D00C8A318 /* PBXTargetDependency */,
			);
			name = counterPickLoLTests;
			productName = counterPickLoLTests;
			productReference = 5D37963F19B0261D00C8A318 /* counterPickLoLTests.xctest */;
			productType = "com.apple.product-type.bundle.unit-test";
		};
/* End PBXNativeTarget section */

/* Begin PBXProject section */
		5D37961619B0261C00C8A318 /* Project object */ = {
			isa = PBXProject;
			attributes = {
				CLASSPREFIX = firstClass;
				LastUpgradeCheck = 0510;
				ORGANIZATIONNAME = "christian ambriz";
				TargetAttributes = {
					5D37963E19B0261D00C8A318 = {
						TestTargetID = 5D37961D19B0261C00C8A318;
					};
				};
			};
			buildConfigurationList = 5D37961919B0261C00C8A318 /* Build configuration list for PBXProject "counterPickLoL" */;
			compatibilityVersion = "Xcode 3.2";
			developmentRegion = English;
			hasScannedForEncodings = 0;
			knownRegions = (
				en,
				Base,
			);
			mainGroup = 5D37961519B0261C00C8A318;
			productRefGroup = 5D37961F19B0261C00C8A318 /* Products */;
			projectDirPath = "";
			projectRoot = "";
			targets = (
				5D37961D19B0261C00C8A318 /* counterPickLoL */,
				5D37963E19B0261D00C8A318 /* counterPickLoLTests */,
			);
		};
/* End PBXProject section */

/* Begin PBXResourcesBuildPhase section */
		5D37961C19B0261C00C8A318 /* Resources */ = {
			isa = PBXResourcesBuildPhase;
			buildActionMask = 2147483647;
			files = (
				5D7C8CDA19B10A5800938107 /* Ashe.png in Resources */,
				5D7C8D5019B10D7C00938107 /* Nocturne.png in Resources */,
				5D7C8D3A19B10CBF00938107 /* Malzahar.png in Resources */,
				5D7C8D7A19B10ED400938107 /* Sona.png in Resources */,
				5D7C8CEC19B10ABD00938107 /* Diana.png in Resources */,
				5D7C8D1619B10BB400938107 /* Jayce.png in Resources */,
				5D7C8D5A19B10E1500938107 /* Poppy.png in Resources */,
				5D37963A19B0261D00C8A318 /* Images.xcassets in Resources */,
				5D7C8CE819B10AAF00938107 /* Corki.png in Resources */,
				5D7C8D9219B10FA200938107 /* Udyr.png in Resources */,
				5D7C8D9A19B10FBA00938107 /* Veigar.png in Resources */,
				5D7C8D7419B10EC200938107 /* Sion.png in Resources */,
				5D7C8D8019B10EE500938107 /* Syndra.png in Resources */,
				5D7C8DAC19B10FF000938107 /* Yasuo.png in Resources */,
				5D7C8CD419B10A3D00938107 /* Amumu.png in Resources */,
				5D7C8D2619B10C4900938107 /* Khazix.png in Resources */,
				5D7C8DA419B10FD900938107 /* Volibear.png in Resources */,
				5D7C8D4E19B10D6900938107 /* Nidalee.png in Resources */,
				5D7C8D9819B10FB400938107 /* Vayne.png in Resources */,
				5D7C8D1419B10BAD00938107 /* Jax.png in Resources */,
				5D7C8D2A19B10C8A00938107 /* Leblanc.png in Resources */,
				5D7C8D3019B10C9A00938107 /* Lissandra.png in Resources */,
				5D7C8CD219B10A3300938107 /* Alistar.png in Resources */,
				5D7C8D1C19B10BC700938107 /* Karthus.png in Resources */,
				5D7C8CFC19B10B1800938107 /* Fizz.png in Resources */,
				5D7C8D9419B10FA800938107 /* Urgot.png in Resources */,
				5D37965C19B0477500C8A318 /* rootBackground.jpeg in Resources */,
				5D7C8CF419B10ADC00938107 /* Evelynn.png in Resources */,
				5D7C8CF819B10AF200938107 /* Fiddlesticks.png in Resources */,
				5D7C8D8819B10F4D00938107 /* Thresh.png in Resources */,
				5D7C8D9019B10F9A00938107 /* Twitch.png in Resources */,
				5D7C8CFA19B10B0E00938107 /* Fiora.png in Resources */,
				5D7C8CD019B10A0B00938107 /* Aatrox.png in Resources */,
				5D7C8D0619B10B7A00938107 /* Gragas.png in Resources */,
				5D7C8D6619B10E5900938107 /* Rumble.png in Resources */,
				5D7C8D5219B10DDF00938107 /* Nunu.png in Resources */,
				5D7C8DB219B1100000938107 /* Zed.png in Resources */,
				5D7C8CCE19B109BD00938107 /* Akali.png in Resources */,
				5D7C8D6C19B10EA400938107 /* Shaco.png in Resources */,
				5D7C8DB619B1101300938107 /* Zilean.png in Resources */,
				5D7C8CE219B10A8E00938107 /* Caitlyn.png in Resources */,
				5D7C8D5419B10DE900938107 /* Olaf.png in Resources */,
				5D7C8D8219B10EEF00938107 /* Talon.png in Resources */,
				5D7C8DB819B1101E00938107 /* Zyra.png in Resources */,
				5D7C8D0A19B10B8900938107 /* Hecarim.png in Resources */,
				5D7C8CCC19B1078100938107 /* Ahri.png in Resources */,
				5D7C8DA219B10FD400938107 /* Vladimir.png in Resources */,
				5D7C8D0419B10B5100938107 /* Gnar.png in Resources */,
				5D7C8D1819B10BB900938107 /* Jinx.png in Resources */,
				5D7C8D8E19B10F8200938107 /* Tryndamere.png in Resources */,
				5D7C8D7619B10EC900938107 /* Sivir.png in Resources */,
				5D7C8D5C19B10E2D00938107 /* Quinn.png in Resources */,
				5D7C8D9E19B10FC500938107 /* Vi.png in Resources */,
				5D7C8D5819B10E0800938107 /* Pantheon.png in Resources */,
				5D7C8DB419B1100B00938107 /* Ziggs.png in Resources */,
				5D7C8DCB19B2EAFE00938107 /* TwistedFate.png in Resources */,
				5D7C8CF019B10AD100938107 /* DrMundo.png in Resources */,
				5D7C8CD819B10A4D00938107 /* Annie.png in Resources */,
				5D7C8D2819B10C8400938107 /* KogMaw.png in Resources */,
				5D7C8CE419B10A9500938107 /* Cassiopeia.png in Resources */,
				5D7C8CE619B10A9E00938107 /* Chogath.png in Resources */,
				5D7C8D4219B10D4300938107 /* MonkeyKing.png in Resources */,
				5D7C8DA619B10FE000938107 /* Warwick.png in Resources */,
				5D7C8D1019B10B9E00938107 /* Janna.png in Resources */,
				5D7C8D6219B10E4C00938107 /* Rengar.png in Resources */,
				5D7C8CF619B10AE500938107 /* Ezreal.png in Resources */,
				5D7C8D7019B10EB400938107 /* Shyvana.png in Resources */,
				5D7C8D0219B10B2E00938107 /* Garen.png in Resources */,
				5D7C8D3419B10CA800938107 /* Lulu.png in Resources */,
				5D7C8D6A19B10E8F00938107 /* Sejuani.png in Resources */,
				5D7C8D6419B10E5300938107 /* Riven.png in Resources */,
				5D7C8CD619B10A4500938107 /* Anivia.png in Resources */,
				5D7C8D8419B10EF400938107 /* Taric.png in Resources */,
				5D7C8D2019B10C1100938107 /* Katarina.png in Resources */,
				5D7C8D1219B10BA600938107 /* JarvanIV.png in Resources */,
				5D37962C19B0261D00C8A318 /* InfoPlist.strings in Resources */,
				5D7C8D8C19B10F7A00938107 /* Trundle.png in Resources */,
				5D7C8D5E19B10E3700938107 /* Rammus.png in Resources */,
				5D37965A19B0468100C8A318 /* Azir.jpg in Resources */,
				5D7C8D1E19B10BE400938107 /* Kassadin.png in Resources */,
				5D37965819B0431300C8A318 /* League_of_legends_logo_transparent.png in Resources */,
				5D7C8D7219B10EBC00938107 /* Singed.png in Resources */,
				5D7C8D2419B10C2400938107 /* Kennen.png in Resources */,
				5D7C8D0819B10B8300938107 /* Graves.png in Resources */,
				5D7C8DAE19B10FF500938107 /* Yorick.png in Resources */,
				5D7C8D2E19B10C9500938107 /* Leona.png in Resources */,
				5D7C8DAA19B10FEC00938107 /* XinZhao.png in Resources */,
				5D7C8D4019B10D3E00938107 /* MissFortune.png in Resources */,
				5D7C8D8A19B10F5E00938107 /* Tristana.png in Resources */,
				5D7C8D9619B10FAD00938107 /* Varus.png in Resources */,
				5D7C8D6019B10E4300938107 /* Renekton.png in Resources */,
				5D7C8D6819B10E6800938107 /* Ryze.png in Resources */,
				5D7C8D3619B10CAE00938107 /* Lux.png in Resources */,
				5D7C8DA819B10FE600938107 /* Xerath.png in Resources */,
				5D7C8CF219B10AD700938107 /* Elise.png in Resources */,
				5D7C8CEA19B10AB600938107 /* Darius.png in Resources */,
				5D7C8D7C19B10EDB00938107 /* Soraka.png in Resources */,
				5D7C8D3819B10CB800938107 /* Malphite.png in Resources */,
				5D7C8CE019B10A8400938107 /* Braum.png in Resources */,
				5D7C8D7E19B10EE100938107 /* Swain.png in Resources */,
				5D7C8D4419B10D4900938107 /* Mordekaiser.png in Resources */,
				5D7C8D3E19B10D3400938107 /* MasterYi.png in Resources */,
				5D7C8CDC19B10A6300938107 /* Blitzcrank.png in Resources */,
				5D7C8D4619B10D5000938107 /* Morgana.png in Resources */,
				5D7C8D3219B10CA000938107 /* Lucian.png in Resources */,
				5D7C8CEE19B10AC200938107 /* Draven.png in Resources */,
				5D7C8D4819B10D5600938107 /* Nami.png in Resources */,
				5D7C8D5619B10E0100938107 /* Orianna.png in Resources */,
				5D7C8D0019B10B2500938107 /* Gangplank.png in Resources */,
				5D7C8D9C19B10FC000938107 /* VelKoz.png in Resources */,
				5D7C8D4C19B10D6100938107 /* Nautilus.png in Resources */,
				5D7C8D0E19B10B9900938107 /* Irelia.png in Resources */,
				5D7C8D7819B10ECE00938107 /* Skarner.png in Resources */,
				5D7C8D3C19B10CCD00938107 /* Maokai.png in Resources */,
				5D7C8DA019B10FCC00938107 /* Viktor.png in Resources */,
				5D37966419B0591000C8A318 /* navigationBackground.jpeg in Resources */,
				5D7C8D4A19B10D5B00938107 /* Nasus.png in Resources */,
				5D7C8D1A19B10BBF00938107 /* Karma.png in Resources */,
				5D37963519B0261D00C8A318 /* Main.storyboard in Resources */,
				5D7C8DB019B10FFB00938107 /* Zac.png in Resources */,
				5D7C8CDE19B10A7D00938107 /* Brand.png in Resources */,
				5D7C8D0C19B10B9300938107 /* Heimerdinger.png in Resources */,
				5D7C8D6E19B10EAD00938107 /* Shen.png in Resources */,
				5D7C8D2C19B10C9000938107 /* LeeSin.png in Resources */,
				5D7C8D2219B10C1700938107 /* Kayle.png in Resources */,
				5D7C8D8619B10EFB00938107 /* Teemo.png in Resources */,
				5D7C8CFE19B10B1E00938107 /* Galio.png in Resources */,
			);
			runOnlyForDeploymentPostprocessing = 0;
		};
		5D37963D19B0261D00C8A318 /* Resources */ = {
			isa = PBXResourcesBuildPhase;
			buildActionMask = 2147483647;
			files = (
				5D7C8DCC19B2EAFE00938107 /* TwistedFate.png in Resources */,
				5D37964B19B0261D00C8A318 /* InfoPlist.strings in Resources */,
			);
			runOnlyForDeploymentPostprocessing = 0;
		};
/* End PBXResourcesBuildPhase section */

/* Begin PBXSourcesBuildPhase section */
		5D37961A19B0261C00C8A318 /* Sources */ = {
			isa = PBXSourcesBuildPhase;
			buildActionMask = 2147483647;
			files = (
				5D7C8DC819B28C0000938107 /* TierHeaderCell.m in Sources */,
				5D7C8DC419B2824F00938107 /* TierListCollectionViewController.m in Sources */,
				5D37966219B057EC00C8A318 /* NavigationController.m in Sources */,
				5D37963819B0261D00C8A318 /* firstClassViewController.m in Sources */,
				5D37963219B0261D00C8A318 /* firstClassAppDelegate.m in Sources */,
				5D37962E19B0261D00C8A318 /* main.m in Sources */,
				5D7C8DBE19B157C100938107 /* CustomCell.m in Sources */,
				5D7C8DCF19B3B62800938107 /* SelectCounterPickChampion.m in Sources */,
				5D37965F19B04A3B00C8A318 /* TierListsTableViewController.m in Sources */,
			);
			runOnlyForDeploymentPostprocessing = 0;
		};
		5D37963B19B0261D00C8A318 /* Sources */ = {
			isa = PBXSourcesBuildPhase;
			buildActionMask = 2147483647;
			files = (
				5D7C8DD019B3B62800938107 /* SelectCounterPickChampion.m in Sources */,
				5D7C8DC519B2824F00938107 /* TierListCollectionViewController.m in Sources */,
				5D7C8DC919B28C0000938107 /* TierHeaderCell.m in Sources */,
				5D37964D19B0261D00C8A318 /* counterPickLoLTests.m in Sources */,
			);
			runOnlyForDeploymentPostprocessing = 0;
		};
/* End PBXSourcesBuildPhase section */

/* Begin PBXTargetDependency section */
		5D37964519B0261D00C8A318 /* PBXTargetDependency */ = {
			isa = PBXTargetDependency;
			target = 5D37961D19B0261C00C8A318 /* counterPickLoL */;
			targetProxy = 5D37964419B0261D00C8A318 /* PBXContainerItemProxy */;
		};
/* End PBXTargetDependency section */

/* Begin PBXVariantGroup section */
		5D37962A19B0261C00C8A318 /* InfoPlist.strings */ = {
			isa = PBXVariantGroup;
			children = (
				5D37962B19B0261C00C8A318 /* en */,
			);
			name = InfoPlist.strings;
			sourceTree = "<group>";
		};
		5D37963319B0261D00C8A318 /* Main.storyboard */ = {
			isa = PBXVariantGroup;
			children = (
				5D37963419B0261D00C8A318 /* Base */,
			);
			name = Main.storyboard;
			sourceTree = "<group>";
		};
		5D37964919B0261D00C8A318 /* InfoPlist.strings */ = {
			isa = PBXVariantGroup;
			children = (
				5D37964A19B0261D00C8A318 /* en */,
			);
			name = InfoPlist.strings;
			sourceTree = "<group>";
		};
/* End PBXVariantGroup section */

/* Begin XCBuildConfiguration section */
		5D37964E19B0261D00C8A318 /* Debug */ = {
			isa = XCBuildConfiguration;
			buildSettings = {
				ALWAYS_SEARCH_USER_PATHS = NO;
				CLANG_CXX_LANGUAGE_STANDARD = "gnu++0x";
				CLANG_CXX_LIBRARY = "libc++";
				CLANG_ENABLE_MODULES = YES;
				CLANG_ENABLE_OBJC_ARC = YES;
				CLANG_WARN_BOOL_CONVERSION = YES;
				CLANG_WARN_CONSTANT_CONVERSION = YES;
				CLANG_WARN_DIRECT_OBJC_ISA_USAGE = YES_ERROR;
				CLANG_WARN_EMPTY_BODY = YES;
				CLANG_WARN_ENUM_CONVERSION = YES;
				CLANG_WARN_INT_CONVERSION = YES;
				CLANG_WARN_OBJC_ROOT_CLASS = YES_ERROR;
				CLANG_WARN__DUPLICATE_METHOD_MATCH = YES;
				"CODE_SIGN_IDENTITY[sdk=iphoneos*]" = "iPhone Developer";
				COPY_PHASE_STRIP = NO;
				GCC_C_LANGUAGE_STANDARD = gnu99;
				GCC_DYNAMIC_NO_PIC = NO;
				GCC_OPTIMIZATION_LEVEL = 0;
				GCC_PREPROCESSOR_DEFINITIONS = (
					"DEBUG=1",
					"$(inherited)",
				);
				GCC_SYMBOLS_PRIVATE_EXTERN = NO;
				GCC_WARN_64_TO_32_BIT_CONVERSION = YES;
				GCC_WARN_ABOUT_RETURN_TYPE = YES_ERROR;
				GCC_WARN_UNDECLARED_SELECTOR = YES;
				GCC_WARN_UNINITIALIZED_AUTOS = YES_AGGRESSIVE;
				GCC_WARN_UNUSED_FUNCTION = YES;
				GCC_WARN_UNUSED_VARIABLE = YES;
				IPHONEOS_DEPLOYMENT_TARGET = 7.1;
				ONLY_ACTIVE_ARCH = YES;
				SDKROOT = iphoneos;
			};
			name = Debug;
		};
		5D37964F19B0261D00C8A318 /* Release */ = {
			isa = XCBuildConfiguration;
			buildSettings = {
				ALWAYS_SEARCH_USER_PATHS = NO;
				CLANG_CXX_LANGUAGE_STANDARD = "gnu++0x";
				CLANG_CXX_LIBRARY = "libc++";
				CLANG_ENABLE_MODULES = YES;
				CLANG_ENABLE_OBJC_ARC = YES;
				CLANG_WARN_BOOL_CONVERSION = YES;
				CLANG_WARN_CONSTANT_CONVERSION = YES;
				CLANG_WARN_DIRECT_OBJC_ISA_USAGE = YES_ERROR;
				CLANG_WARN_EMPTY_BODY = YES;
				CLANG_WARN_ENUM_CONVERSION = YES;
				CLANG_WARN_INT_CONVERSION = YES;
				CLANG_WARN_OBJC_ROOT_CLASS = YES_ERROR;
				CLANG_WARN__DUPLICATE_METHOD_MATCH = YES;
				"CODE_SIGN_IDENTITY[sdk=iphoneos*]" = "iPhone Developer";
				COPY_PHASE_STRIP = YES;
				ENABLE_NS_ASSERTIONS = NO;
				GCC_C_LANGUAGE_STANDARD = gnu99;
				GCC_WARN_64_TO_32_BIT_CONVERSION = YES;
				GCC_WARN_ABOUT_RETURN_TYPE = YES_ERROR;
				GCC_WARN_UNDECLARED_SELECTOR = YES;
				GCC_WARN_UNINITIALIZED_AUTOS = YES_AGGRESSIVE;
				GCC_WARN_UNUSED_FUNCTION = YES;
				GCC_WARN_UNUSED_VARIABLE = YES;
				IPHONEOS_DEPLOYMENT_TARGET = 7.1;
				SDKROOT = iphoneos;
				VALIDATE_PRODUCT = YES;
			};
			name = Release;
		};
		5D37965119B0261D00C8A318 /* Debug */ = {
			isa = XCBuildConfiguration;
			buildSettings = {
				ASSETCATALOG_COMPILER_APPICON_NAME = AppIcon;
				ASSETCATALOG_COMPILER_LAUNCHIMAGE_NAME = LaunchImage;
				GCC_PRECOMPILE_PREFIX_HEADER = YES;
				GCC_PREFIX_HEADER = "counterPickLoL/counterPickLoL-Prefix.pch";
				INFOPLIST_FILE = "counterPickLoL/counterPickLoL-Info.plist";
				PRODUCT_NAME = "$(TARGET_NAME)";
				WRAPPER_EXTENSION = app;
			};
			name = Debug;
		};
		5D37965219B0261D00C8A318 /* Release */ = {
			isa = XCBuildConfiguration;
			buildSettings = {
				ASSETCATALOG_COMPILER_APPICON_NAME = AppIcon;
				ASSETCATALOG_COMPILER_LAUNCHIMAGE_NAME = LaunchImage;
				GCC_PRECOMPILE_PREFIX_HEADER = YES;
				GCC_PREFIX_HEADER = "counterPickLoL/counterPickLoL-Prefix.pch";
				INFOPLIST_FILE = "counterPickLoL/counterPickLoL-Info.plist";
				PRODUCT_NAME = "$(TARGET_NAME)";
				WRAPPER_EXTENSION = app;
			};
			name = Release;
		};
		5D37965419B0261D00C8A318 /* Debug */ = {
			isa = XCBuildConfiguration;
			buildSettings = {
				BUNDLE_LOADER = "$(BUILT_PRODUCTS_DIR)/counterPickLoL.app/counterPickLoL";
				FRAMEWORK_SEARCH_PATHS = (
					"$(SDKROOT)/Developer/Library/Frameworks",
					"$(inherited)",
					"$(DEVELOPER_FRAMEWORKS_DIR)",
				);
				GCC_PRECOMPILE_PREFIX_HEADER = YES;
				GCC_PREFIX_HEADER = "counterPickLoL/counterPickLoL-Prefix.pch";
				GCC_PREPROCESSOR_DEFINITIONS = (
					"DEBUG=1",
					"$(inherited)",
				);
				INFOPLIST_FILE = "counterPickLoLTests/counterPickLoLTests-Info.plist";
				PRODUCT_NAME = "$(TARGET_NAME)";
				TEST_HOST = "$(BUNDLE_LOADER)";
				WRAPPER_EXTENSION = xctest;
			};
			name = Debug;
		};
		5D37965519B0261D00C8A318 /* Release */ = {
			isa = XCBuildConfiguration;
			buildSettings = {
				BUNDLE_LOADER = "$(BUILT_PRODUCTS_DIR)/counterPickLoL.app/counterPickLoL";
				FRAMEWORK_SEARCH_PATHS = (
					"$(SDKROOT)/Developer/Library/Frameworks",
					"$(inherited)",
					"$(DEVELOPER_FRAMEWORKS_DIR)",
				);
				GCC_PRECOMPILE_PREFIX_HEADER = YES;
				GCC_PREFIX_HEADER = "counterPickLoL/counterPickLoL-Prefix.pch";
				INFOPLIST_FILE = "counterPickLoLTests/counterPickLoLTests-Info.plist";
				PRODUCT_NAME = "$(TARGET_NAME)";
				TEST_HOST = "$(BUNDLE_LOADER)";
				WRAPPER_EXTENSION = xctest;
			};
			name = Release;
		};
/* End XCBuildConfiguration section */

/* Begin XCConfigurationList section */
		5D37961919B0261C00C8A318 /* Build configuration list for PBXProject "counterPickLoL" */ = {
			isa = XCConfigurationList;
			buildConfigurations = (
				5D37964E19B0261D00C8A318 /* Debug */,
				5D37964F19B0261D00C8A318 /* Release */,
			);
			defaultConfigurationIsVisible = 0;
			defaultConfigurationName = Release;
		};
		5D37965019B0261D00C8A318 /* Build configuration list for PBXNativeTarget "counterPickLoL" */ = {
			isa = XCConfigurationList;
			buildConfigurations = (
				5D37965119B0261D00C8A318 /* Debug */,
				5D37965219B0261D00C8A318 /* Release */,
			);
			defaultConfigurationIsVisible = 0;
			defaultConfigurationName = Release;
		};
		5D37965319B0261D00C8A318 /* Build configuration list for PBXNativeTarget "counterPickLoLTests" */ = {
			isa = XCConfigurationList;
			buildConfigurations = (
				5D37965419B0261D00C8A318 /* Debug */,
				5D37965519B0261D00C8A318 /* Release */,
			);
			defaultConfigurationIsVisible = 0;
			defaultConfigurationName = Release;
		};
/* End XCConfigurationList section */
	};
	rootObject = 5D37961619B0261C00C8A318 /* Project object */;
}
